{
  "version": 4,
  "terraform_version": "0.13.0",
  "serial": 850,
  "lineage": "663bb148-9013-34bd-388b-3951699401ad",
  "outputs": {
    "additional_eni_ids": {
      "value": {},
      "type": [
        "object",
        {}
      ]
    },
    "arn": {
      "value": "arn:aws:ec2:us-west-1:338430314199:instance/i-097e5e967dc9a754a",
      "type": "string"
    },
    "ebs_ids": {
      "value": [],
      "type": [
        "tuple",
        []
      ]
    },
    "id": {
      "value": "i-097e5e967dc9a754a",
      "type": "string"
    },
    "key_name": {
      "value": "fairwinds-poc-kg4sre",
      "type": "string"
    },
    "name": {
      "value": "fairwinds-poc-kg4sre",
      "type": "string"
    },
    "primary_network_interface_id": {
      "value": "eni-073fa09c5d9dc1f09",
      "type": "string"
    },
    "private_dns": {
      "value": "ip-172-16-148-190.us-west-1.compute.internal",
      "type": "string"
    },
    "private_ip": {
      "value": "172.16.148.190",
      "type": "string"
    },
    "private_key_filename": {
      "value": "./secrets/fairwinds-poc-kg4sre",
      "type": "string"
    },
    "private_subnet_cidrs": {
      "value": [
        "172.16.0.0/18",
        "172.16.64.0/18"
      ],
      "type": [
        "tuple",
        [
          "string",
          "string"
        ]
      ]
    },
    "public_dns": {
      "value": "ec2-184-169-198-127.us-west-1.compute.amazonaws.com",
      "type": "string"
    },
    "public_ip": {
      "value": "184.169.198.127",
      "type": "string"
    },
    "public_key": {
      "value": "ssh-rsa AAAAB3NzaC1yc2EAAAADAQABAAABAQDrZxs74Hb6TWY6WKNZPxNNYHArD0RYHP+adxmDIlYVEgZDYnP0uLM8DEKHGIsnVQS4BccgbYwcZmWhQjJPewi4ah8Uhm+9tqNx2dVIMRZKhgFFFtRa54RzTYvtZre7BClr4UCNq0na0MmB1AU8M6ebwNam0HOG6cTc22irRyUNAWd1bbfdclPPZUjtygu/KV3sILN7HP2jBD1yrQ78Ey3yfudamlGja+RAIT7tipTIxl5ggdRCWyceoya9iqGDlrr+go4S35rw04E5gXcVmraxfQ8NA4/dPl1C0DGLHo6YiRSDDIIjbBhcn0ZwckVL5/SKFTTKId3YdIt1K/wx4/l/\n",
      "type": "string"
    },
    "public_key_filename": {
      "value": "./secrets/fairwinds-poc-kg4sre.pub",
      "type": "string"
    },
    "public_subnet_cidrs": {
      "value": [
        "172.16.128.0/18",
        "172.16.192.0/18"
      ],
      "type": [
        "tuple",
        [
          "string",
          "string"
        ]
      ]
    },
    "security_group_ids": {
      "value": [
        "sg-06acd3d2e7077306f",
        "sg-0823586ab5f4ad60a"
      ],
      "type": [
        "list",
        "string"
      ]
    },
    "ssh_key_pair": {
      "value": "fairwinds-poc-kg4sre",
      "type": "string"
    },
    "vpc_cidr": {
      "value": "172.16.0.0/16",
      "type": "string"
    }
  },
  "resources": [
    {
      "module": "module.ec2_instance",
      "mode": "data",
      "type": "aws_ami",
      "name": "default",
      "provider": "provider[\"registry.terraform.io/hashicorp/aws\"]",
      "instances": [
        {
          "index_key": 0,
          "schema_version": 0,
          "attributes": {
            "architecture": "x86_64",
            "arn": "arn:aws:ec2:us-west-1::image/ami-07509d53ed1aa0b33",
            "block_device_mappings": [
              {
                "device_name": "/dev/sda1",
                "ebs": {
                  "delete_on_termination": "true",
                  "encrypted": "false",
                  "iops": "0",
                  "snapshot_id": "snap-0fe64f3d34abafdb0",
                  "volume_size": "8",
                  "volume_type": "gp2"
                },
                "no_device": "",
                "virtual_name": ""
              },
              {
                "device_name": "/dev/sdb",
                "ebs": {},
                "no_device": "",
                "virtual_name": "ephemeral0"
              },
              {
                "device_name": "/dev/sdc",
                "ebs": {},
                "no_device": "",
                "virtual_name": "ephemeral1"
              }
            ],
            "creation_date": "2020-12-11T12:22:53.000Z",
            "description": "Canonical, Ubuntu, 18.04 LTS, amd64 bionic image build on 2020-12-11",
            "executable_users": null,
            "filter": [
              {
                "name": "name",
                "values": [
                  "ubuntu/images/hvm-ssd/ubuntu-bionic-18.04-amd64-server-*"
                ]
              },
              {
                "name": "virtualization-type",
                "values": [
                  "hvm"
                ]
              }
            ],
            "hypervisor": "xen",
            "id": "ami-07509d53ed1aa0b33",
            "image_id": "ami-07509d53ed1aa0b33",
            "image_location": "099720109477/ubuntu/images/hvm-ssd/ubuntu-bionic-18.04-amd64-server-20201211.1",
            "image_owner_alias": null,
            "image_type": "machine",
            "kernel_id": null,
            "most_recent": true,
            "name": "ubuntu/images/hvm-ssd/ubuntu-bionic-18.04-amd64-server-20201211.1",
            "name_regex": null,
            "owner_id": "099720109477",
            "owners": [
              "099720109477"
            ],
            "platform": null,
            "product_codes": [],
            "public": true,
            "ramdisk_id": null,
            "root_device_name": "/dev/sda1",
            "root_device_type": "ebs",
            "root_snapshot_id": "snap-0fe64f3d34abafdb0",
            "sriov_net_support": "simple",
            "state": "available",
            "state_reason": {
              "code": "UNSET",
              "message": "UNSET"
            },
            "tags": {},
            "virtualization_type": "hvm"
          }
        }
      ]
    },
    {
      "module": "module.ec2_instance",
      "mode": "data",
      "type": "aws_ami",
      "name": "info",
      "provider": "provider[\"registry.terraform.io/hashicorp/aws\"]",
      "instances": [
        {
          "schema_version": 0,
          "attributes": {
            "architecture": "x86_64",
            "arn": "arn:aws:ec2:us-west-1::image/ami-07509d53ed1aa0b33",
            "block_device_mappings": [
              {
                "device_name": "/dev/sda1",
                "ebs": {
                  "delete_on_termination": "true",
                  "encrypted": "false",
                  "iops": "0",
                  "snapshot_id": "snap-0fe64f3d34abafdb0",
                  "volume_size": "8",
                  "volume_type": "gp2"
                },
                "no_device": "",
                "virtual_name": ""
              },
              {
                "device_name": "/dev/sdb",
                "ebs": {},
                "no_device": "",
                "virtual_name": "ephemeral0"
              },
              {
                "device_name": "/dev/sdc",
                "ebs": {},
                "no_device": "",
                "virtual_name": "ephemeral1"
              }
            ],
            "creation_date": "2020-12-11T12:22:53.000Z",
            "description": "Canonical, Ubuntu, 18.04 LTS, amd64 bionic image build on 2020-12-11",
            "executable_users": null,
            "filter": [
              {
                "name": "image-id",
                "values": [
                  "ami-07509d53ed1aa0b33"
                ]
              }
            ],
            "hypervisor": "xen",
            "id": "ami-07509d53ed1aa0b33",
            "image_id": "ami-07509d53ed1aa0b33",
            "image_location": "099720109477/ubuntu/images/hvm-ssd/ubuntu-bionic-18.04-amd64-server-20201211.1",
            "image_owner_alias": null,
            "image_type": "machine",
            "kernel_id": null,
            "most_recent": false,
            "name": "ubuntu/images/hvm-ssd/ubuntu-bionic-18.04-amd64-server-20201211.1",
            "name_regex": null,
            "owner_id": "099720109477",
            "owners": [
              "099720109477"
            ],
            "platform": null,
            "product_codes": [],
            "public": true,
            "ramdisk_id": null,
            "root_device_name": "/dev/sda1",
            "root_device_type": "ebs",
            "root_snapshot_id": "snap-0fe64f3d34abafdb0",
            "sriov_net_support": "simple",
            "state": "available",
            "state_reason": {
              "code": "UNSET",
              "message": "UNSET"
            },
            "tags": {},
            "virtualization_type": "hvm"
          }
        }
      ]
    },
    {
      "module": "module.subnets",
      "mode": "data",
      "type": "aws_availability_zones",
      "name": "available",
      "provider": "provider[\"registry.terraform.io/hashicorp/aws\"]",
      "instances": [
        {
          "index_key": 0,
          "schema_version": 0,
          "attributes": {
            "all_availability_zones": null,
            "blacklisted_names": null,
            "blacklisted_zone_ids": null,
            "exclude_names": null,
            "exclude_zone_ids": null,
            "filter": null,
            "group_names": [
              "us-west-1"
            ],
            "id": "2020-12-17 01:00:18.046968 +0000 UTC",
            "names": [
              "us-west-1b",
              "us-west-1c"
            ],
            "state": null,
            "zone_ids": [
              "usw1-az3",
              "usw1-az1"
            ]
          }
        }
      ]
    },
    {
      "module": "module.ec2_instance",
      "mode": "data",
      "type": "aws_caller_identity",
      "name": "default",
      "provider": "provider[\"registry.terraform.io/hashicorp/aws\"]",
      "instances": [
        {
          "schema_version": 0,
          "attributes": {
            "account_id": "338430314199",
            "arn": "arn:aws:iam::338430314199:user/kevgibson@gmail.com",
            "id": "2020-12-17 01:00:15.059809 +0000 UTC",
            "user_id": "AIDAU5TAEY3L6OK2DVNN6"
          }
        }
      ]
    },
    {
      "module": "module.ec2_instance",
      "mode": "data",
      "type": "aws_iam_policy_document",
      "name": "default",
      "provider": "provider[\"registry.terraform.io/hashicorp/aws\"]",
      "instances": [
        {
          "schema_version": 0,
          "attributes": {
            "id": "1903849331",
            "json": "{\n  \"Version\": \"2012-10-17\",\n  \"Statement\": [\n    {\n      \"Sid\": \"\",\n      \"Effect\": \"Allow\",\n      \"Action\": \"sts:AssumeRole\",\n      \"Principal\": {\n        \"Service\": \"ec2.amazonaws.com\"\n      }\n    }\n  ]\n}",
            "override_json": null,
            "policy_id": null,
            "source_json": null,
            "statement": [
              {
                "actions": [
                  "sts:AssumeRole"
                ],
                "condition": [],
                "effect": "Allow",
                "not_actions": [],
                "not_principals": [],
                "not_resources": [],
                "principals": [
                  {
                    "identifiers": [
                      "ec2.amazonaws.com"
                    ],
                    "type": "Service"
                  }
                ],
                "resources": [],
                "sid": ""
              }
            ],
            "version": "2012-10-17"
          }
        }
      ]
    },
    {
      "module": "module.ec2_instance",
      "mode": "data",
      "type": "aws_partition",
      "name": "default",
      "provider": "provider[\"registry.terraform.io/hashicorp/aws\"]",
      "instances": [
        {
          "schema_version": 0,
          "attributes": {
            "dns_suffix": "amazonaws.com",
            "id": "2020-12-17 01:00:14.944999 +0000 UTC",
            "partition": "aws"
          }
        }
      ]
    },
    {
      "module": "module.ec2_instance",
      "mode": "data",
      "type": "aws_region",
      "name": "default",
      "provider": "provider[\"registry.terraform.io/hashicorp/aws\"]",
      "instances": [
        {
          "schema_version": 0,
          "attributes": {
            "current": null,
            "description": "US West (N. California)",
            "endpoint": "ec2.us-west-1.amazonaws.com",
            "id": "us-west-1",
            "name": "us-west-1"
          }
        }
      ]
    },
    {
      "module": "module.subnets.module.utils",
      "mode": "data",
      "type": "aws_regions",
      "name": "default",
      "provider": "provider[\"registry.terraform.io/hashicorp/aws\"]",
      "instances": [
        {
          "schema_version": 0,
          "attributes": {
            "all_regions": true,
            "filter": [
              {
                "name": "opt-in-status",
                "values": [
                  "opt-in-not-required"
                ]
              }
            ],
            "id": "2020-12-17 01:00:15.350353 +0000 UTC",
            "names": [
              "ap-northeast-1",
              "ap-northeast-2",
              "ap-south-1",
              "ap-southeast-1",
              "ap-southeast-2",
              "ca-central-1",
              "eu-central-1",
              "eu-north-1",
              "eu-west-1",
              "eu-west-2",
              "eu-west-3",
              "sa-east-1",
              "us-east-1",
              "us-east-2",
              "us-west-1",
              "us-west-2"
            ]
          }
        }
      ]
    },
    {
      "module": "module.subnets.module.utils",
      "mode": "data",
      "type": "aws_regions",
      "name": "not_opted_in",
      "provider": "provider[\"registry.terraform.io/hashicorp/aws\"]",
      "instances": [
        {
          "schema_version": 0,
          "attributes": {
            "all_regions": true,
            "filter": [
              {
                "name": "opt-in-status",
                "values": [
                  "not-opted-in"
                ]
              }
            ],
            "id": "2020-12-17 01:00:15.362249 +0000 UTC",
            "names": [
              "af-south-1",
              "ap-east-1",
              "eu-south-1",
              "me-south-1"
            ]
          }
        }
      ]
    },
    {
      "module": "module.subnets.module.utils",
      "mode": "data",
      "type": "aws_regions",
      "name": "opted_in",
      "provider": "provider[\"registry.terraform.io/hashicorp/aws\"]",
      "instances": [
        {
          "schema_version": 0,
          "attributes": {
            "all_regions": true,
            "filter": [
              {
                "name": "opt-in-status",
                "values": [
                  "opted-in"
                ]
              }
            ],
            "id": "2020-12-17 01:00:15.351927 +0000 UTC",
            "names": []
          }
        }
      ]
    },
    {
      "module": "module.ec2_instance",
      "mode": "data",
      "type": "aws_subnet",
      "name": "default",
      "provider": "provider[\"registry.terraform.io/hashicorp/aws\"]",
      "instances": [
        {
          "schema_version": 0,
          "attributes": {
            "arn": "arn:aws:ec2:us-west-1:338430314199:subnet/subnet-00953512c2d44b0c3",
            "assign_ipv6_address_on_creation": false,
            "availability_zone": "us-west-1b",
            "availability_zone_id": "usw1-az3",
            "cidr_block": "172.16.128.0/18",
            "default_for_az": false,
            "filter": null,
            "id": "subnet-00953512c2d44b0c3",
            "ipv6_cidr_block": null,
            "ipv6_cidr_block_association_id": null,
            "map_public_ip_on_launch": true,
            "outpost_arn": "",
            "owner_id": "338430314199",
            "state": "available",
            "tags": {
              "Attributes": "public",
              "Name": "fairwinds-poc-kg4sre-public-usw1b",
              "Namespace": "fairwinds",
              "Stage": "poc",
              "cpco.io/subnet/type": "public"
            },
            "vpc_id": "vpc-0a2b115c412c9dbe3"
          }
        }
      ]
    },
    {
      "module": "module.subnets",
      "mode": "data",
      "type": "aws_vpc",
      "name": "default",
      "provider": "provider[\"registry.terraform.io/hashicorp/aws\"]",
      "instances": [
        {
          "index_key": 0,
          "schema_version": 0,
          "attributes": {
            "arn": "arn:aws:ec2:us-west-1:338430314199:vpc/vpc-0a2b115c412c9dbe3",
            "cidr_block": "172.16.0.0/16",
            "cidr_block_associations": [
              {
                "association_id": "vpc-cidr-assoc-02936e9462573980e",
                "cidr_block": "172.16.0.0/16",
                "state": "associated"
              }
            ],
            "default": false,
            "dhcp_options_id": "dopt-bcc25ad9",
            "enable_dns_hostnames": true,
            "enable_dns_support": true,
            "filter": null,
            "id": "vpc-0a2b115c412c9dbe3",
            "instance_tenancy": "default",
            "ipv6_association_id": "vpc-cidr-assoc-06b4acdef5217f8cb",
            "ipv6_cidr_block": "2600:1f1c:748:b900::/56",
            "main_route_table_id": "rtb-0297c109909da7a7e",
            "owner_id": "338430314199",
            "state": "available",
            "tags": {
              "Name": "fairwinds-poc-kg4sre",
              "Namespace": "fairwinds",
              "Stage": "poc"
            }
          }
        }
      ]
    },
    {
      "module": "module.ec2_instance",
      "mode": "data",
      "type": "null_data_source",
      "name": "eip",
      "provider": "provider[\"registry.terraform.io/hashicorp/null\"]",
      "instances": [
        {
          "schema_version": 0,
          "attributes": {
            "has_computed_default": "default",
            "id": "static",
            "inputs": {
              "public_dns": "ec2-184-169-198-127.us-west-1.compute.amazonaws.com"
            },
            "outputs": {
              "public_dns": "ec2-184-169-198-127.us-west-1.compute.amazonaws.com"
            },
            "random": "4345992521031460188"
          }
        }
      ]
    },
    {
      "module": "module.vpc",
      "mode": "managed",
      "type": "aws_default_security_group",
      "name": "default",
      "provider": "provider[\"registry.terraform.io/hashicorp/aws\"]",
      "instances": [
        {
          "index_key": 0,
          "schema_version": 1,
          "attributes": {
            "arn": "arn:aws:ec2:us-west-1:338430314199:security-group/sg-0823586ab5f4ad60a",
            "description": "default VPC security group",
            "egress": [],
            "id": "sg-0823586ab5f4ad60a",
            "ingress": [],
            "name": "default",
            "owner_id": "338430314199",
            "revoke_rules_on_delete": false,
            "tags": {
              "Name": "Default Security Group",
              "Namespace": "fairwinds",
              "Stage": "poc"
            },
            "timeouts": null,
            "vpc_id": "vpc-0a2b115c412c9dbe3"
          },
          "private": "eyJlMmJmYjczMC1lY2FhLTExZTYtOGY4OC0zNDM2M2JjN2M0YzAiOnsiY3JlYXRlIjo2MDAwMDAwMDAwMDAsImRlbGV0ZSI6NjAwMDAwMDAwMDAwfSwic2NoZW1hX3ZlcnNpb24iOiIxIn0=",
          "dependencies": [
            "module.vpc.aws_vpc.default"
          ]
        }
      ]
    },
    {
      "module": "module.ec2_instance",
      "mode": "managed",
      "type": "aws_eip",
      "name": "default",
      "provider": "provider[\"registry.terraform.io/hashicorp/aws\"]",
      "instances": [
        {
          "index_key": 0,
          "schema_version": 0,
          "attributes": {
            "allocation_id": null,
            "associate_with_private_ip": null,
            "association_id": "eipassoc-0f829f3900a4bb6d5",
            "customer_owned_ip": "",
            "customer_owned_ipv4_pool": "",
            "domain": "vpc",
            "id": "eipalloc-0f06ab31",
            "instance": "i-097e5e967dc9a754a",
            "network_interface": "eni-073fa09c5d9dc1f09",
            "private_dns": "ip-172-16-148-190.us-west-1.compute.internal",
            "private_ip": "172.16.148.190",
            "public_dns": "ec2-184-169-198-127.us-west-1.compute.amazonaws.com",
            "public_ip": "184.169.198.127",
            "public_ipv4_pool": "amazon",
            "tags": {
              "Name": "fairwinds-poc-kg4sre",
              "Namespace": "fairwinds",
              "Stage": "poc"
            },
            "timeouts": null,
            "vpc": true
          },
          "private": "eyJlMmJmYjczMC1lY2FhLTExZTYtOGY4OC0zNDM2M2JjN2M0YzAiOnsiZGVsZXRlIjoxODAwMDAwMDAwMDAsInJlYWQiOjkwMDAwMDAwMDAwMCwidXBkYXRlIjozMDAwMDAwMDAwMDB9fQ==",
          "dependencies": [
            "module.aws_key_pair.aws_key_pair.generated",
            "module.aws_key_pair.aws_key_pair.imported",
            "module.aws_key_pair.tls_private_key.default",
            "module.ec2_instance.aws_instance.default",
            "module.ec2_instance.aws_security_group.default",
            "module.ec2_instance.data.aws_ami.default",
            "module.ec2_instance.data.aws_ami.info",
            "module.ec2_instance.data.aws_subnet.default",
            "module.subnets.aws_subnet.public",
            "module.subnets.data.aws_availability_zones.available",
            "module.subnets.data.aws_vpc.default",
            "module.vpc.aws_vpc.default"
          ]
        }
      ]
    },
    {
      "module": "module.ec2_instance",
      "mode": "managed",
      "type": "aws_instance",
      "name": "default",
      "provider": "provider[\"registry.terraform.io/hashicorp/aws\"]",
      "instances": [
        {
          "index_key": 0,
          "schema_version": 1,
          "attributes": {
            "ami": "ami-07509d53ed1aa0b33",
            "arn": "arn:aws:ec2:us-west-1:338430314199:instance/i-097e5e967dc9a754a",
            "associate_public_ip_address": true,
            "availability_zone": "us-west-1b",
            "cpu_core_count": 1,
            "cpu_threads_per_core": 1,
            "credit_specification": [
              {
                "cpu_credits": "standard"
              }
            ],
            "disable_api_termination": false,
            "ebs_block_device": [],
            "ebs_optimized": false,
            "ephemeral_block_device": [],
            "get_password_data": false,
            "hibernation": false,
            "host_id": null,
            "iam_instance_profile": "",
            "id": "i-097e5e967dc9a754a",
            "instance_initiated_shutdown_behavior": null,
            "instance_state": "running",
            "instance_type": "t2.micro",
            "ipv6_address_count": 0,
            "ipv6_addresses": [],
            "key_name": "fairwinds-poc-kg4sre",
            "metadata_options": [
              {
                "http_endpoint": "enabled",
                "http_put_response_hop_limit": 1,
                "http_tokens": "optional"
              }
            ],
            "monitoring": false,
            "network_interface": [],
            "network_interface_id": null,
            "outpost_arn": "",
            "password_data": "",
            "placement_group": "",
            "primary_network_interface_id": "eni-073fa09c5d9dc1f09",
            "private_dns": "ip-172-16-148-190.us-west-1.compute.internal",
            "private_ip": "172.16.148.190",
            "public_dns": "ec2-54-153-74-26.us-west-1.compute.amazonaws.com",
            "public_ip": "54.153.74.26",
            "root_block_device": [
              {
                "delete_on_termination": true,
                "device_name": "/dev/sda1",
                "encrypted": false,
                "iops": 100,
                "kms_key_id": "",
                "volume_id": "vol-0ac75c05fbefe14d5",
                "volume_size": 10,
                "volume_type": "gp2"
              }
            ],
            "security_groups": [],
            "source_dest_check": true,
            "subnet_id": "subnet-00953512c2d44b0c3",
            "tags": {
              "Name": "fairwinds-poc-kg4sre",
              "Namespace": "fairwinds",
              "Stage": "poc"
            },
            "tenancy": "default",
            "timeouts": null,
            "user_data": "8881568eab44a757c0cef26b9fca5071d7623219",
            "user_data_base64": null,
            "volume_tags": {},
            "vpc_security_group_ids": [
              "sg-06acd3d2e7077306f",
              "sg-0823586ab5f4ad60a"
            ]
          },
          "private": "eyJlMmJmYjczMC1lY2FhLTExZTYtOGY4OC0zNDM2M2JjN2M0YzAiOnsiY3JlYXRlIjo2MDAwMDAwMDAwMDAsImRlbGV0ZSI6MTIwMDAwMDAwMDAwMCwidXBkYXRlIjo2MDAwMDAwMDAwMDB9LCJzY2hlbWFfdmVyc2lvbiI6IjEifQ==",
          "dependencies": [
            "module.aws_key_pair.aws_key_pair.generated",
            "module.aws_key_pair.aws_key_pair.imported",
            "module.aws_key_pair.tls_private_key.default",
            "module.ec2_instance.aws_security_group.default",
            "module.ec2_instance.data.aws_ami.default",
            "module.ec2_instance.data.aws_ami.info",
            "module.ec2_instance.data.aws_subnet.default",
            "module.subnets.aws_subnet.public",
            "module.subnets.data.aws_availability_zones.available",
            "module.subnets.data.aws_vpc.default",
            "module.vpc.aws_vpc.default"
          ]
        }
      ]
    },
    {
      "module": "module.vpc",
      "mode": "managed",
      "type": "aws_internet_gateway",
      "name": "default",
      "provider": "provider[\"registry.terraform.io/hashicorp/aws\"]",
      "instances": [
        {
          "index_key": 0,
          "schema_version": 0,
          "attributes": {
            "arn": "arn:aws:ec2:us-west-1:338430314199:internet-gateway/igw-05165bee9c1863b42",
            "id": "igw-05165bee9c1863b42",
            "owner_id": "338430314199",
            "tags": {
              "Name": "fairwinds-poc-kg4sre",
              "Namespace": "fairwinds",
              "Stage": "poc"
            },
            "vpc_id": "vpc-0a2b115c412c9dbe3"
          },
          "private": "bnVsbA==",
          "dependencies": [
            "module.vpc.aws_vpc.default"
          ]
        }
      ]
    },
    {
      "module": "module.aws_key_pair",
      "mode": "managed",
      "type": "aws_key_pair",
      "name": "generated",
      "provider": "provider[\"registry.terraform.io/hashicorp/aws\"]",
      "instances": [
        {
          "index_key": 0,
          "schema_version": 1,
          "attributes": {
            "arn": "arn:aws:ec2:us-west-1:338430314199:key-pair/fairwinds-poc-kg4sre",
            "fingerprint": "86:68:a1:d3:4d:a5:48:65:8e:b4:df:40:cb:52:e4:27",
            "id": "fairwinds-poc-kg4sre",
            "key_name": "fairwinds-poc-kg4sre",
            "key_name_prefix": null,
            "key_pair_id": "key-0b902fa0840ba9448",
            "public_key": "ssh-rsa AAAAB3NzaC1yc2EAAAADAQABAAABAQDrZxs74Hb6TWY6WKNZPxNNYHArD0RYHP+adxmDIlYVEgZDYnP0uLM8DEKHGIsnVQS4BccgbYwcZmWhQjJPewi4ah8Uhm+9tqNx2dVIMRZKhgFFFtRa54RzTYvtZre7BClr4UCNq0na0MmB1AU8M6ebwNam0HOG6cTc22irRyUNAWd1bbfdclPPZUjtygu/KV3sILN7HP2jBD1yrQ78Ey3yfudamlGja+RAIT7tipTIxl5ggdRCWyceoya9iqGDlrr+go4S35rw04E5gXcVmraxfQ8NA4/dPl1C0DGLHo6YiRSDDIIjbBhcn0ZwckVL5/SKFTTKId3YdIt1K/wx4/l/",
            "tags": null
          },
          "private": "eyJzY2hlbWFfdmVyc2lvbiI6IjEifQ==",
          "dependencies": [
            "module.aws_key_pair.tls_private_key.default"
          ]
        }
      ]
    },
    {
      "module": "module.subnets",
      "mode": "managed",
      "type": "aws_network_acl",
      "name": "private",
      "provider": "provider[\"registry.terraform.io/hashicorp/aws\"]",
      "instances": [
        {
          "index_key": 0,
          "schema_version": 0,
          "attributes": {
            "arn": "arn:aws:ec2:us-west-1:338430314199:network-acl/acl-0f6d0ac4d1d39e8b5",
            "egress": [
              {
                "action": "allow",
                "cidr_block": "0.0.0.0/0",
                "from_port": 0,
                "icmp_code": null,
                "icmp_type": null,
                "ipv6_cidr_block": "",
                "protocol": "-1",
                "rule_no": 100,
                "to_port": 0
              }
            ],
            "id": "acl-0f6d0ac4d1d39e8b5",
            "ingress": [
              {
                "action": "allow",
                "cidr_block": "0.0.0.0/0",
                "from_port": 0,
                "icmp_code": null,
                "icmp_type": null,
                "ipv6_cidr_block": "",
                "protocol": "-1",
                "rule_no": 100,
                "to_port": 0
              }
            ],
            "owner_id": "338430314199",
            "subnet_id": null,
            "subnet_ids": [
              "subnet-0a89bdbc7ae771c4d",
              "subnet-0d0c3abb9f321fad1"
            ],
            "tags": {
              "Attributes": "private",
              "Name": "fairwinds-poc-kg4sre-private",
              "Namespace": "fairwinds",
              "Stage": "poc",
              "cpco.io/subnet/type": "private"
            },
            "vpc_id": "vpc-0a2b115c412c9dbe3"
          },
          "private": "bnVsbA==",
          "dependencies": [
            "module.subnets.aws_subnet.private",
            "module.subnets.data.aws_availability_zones.available",
            "module.subnets.data.aws_vpc.default",
            "module.vpc.aws_vpc.default"
          ]
        }
      ]
    },
    {
      "module": "module.subnets",
      "mode": "managed",
      "type": "aws_network_acl",
      "name": "public",
      "provider": "provider[\"registry.terraform.io/hashicorp/aws\"]",
      "instances": [
        {
          "index_key": 0,
          "schema_version": 0,
          "attributes": {
            "arn": "arn:aws:ec2:us-west-1:338430314199:network-acl/acl-0905d21c049701384",
            "egress": [
              {
                "action": "allow",
                "cidr_block": "0.0.0.0/0",
                "from_port": 0,
                "icmp_code": null,
                "icmp_type": null,
                "ipv6_cidr_block": "",
                "protocol": "-1",
                "rule_no": 100,
                "to_port": 0
              }
            ],
            "id": "acl-0905d21c049701384",
            "ingress": [
              {
                "action": "allow",
                "cidr_block": "0.0.0.0/0",
                "from_port": 0,
                "icmp_code": null,
                "icmp_type": null,
                "ipv6_cidr_block": "",
                "protocol": "-1",
                "rule_no": 100,
                "to_port": 0
              }
            ],
            "owner_id": "338430314199",
            "subnet_id": null,
            "subnet_ids": [
              "subnet-00953512c2d44b0c3",
              "subnet-0720b183e99e3de2a"
            ],
            "tags": {
              "Attributes": "public",
              "Name": "fairwinds-poc-kg4sre-public",
              "Namespace": "fairwinds",
              "Stage": "poc",
              "cpco.io/subnet/type": "public"
            },
            "vpc_id": "vpc-0a2b115c412c9dbe3"
          },
          "private": "bnVsbA==",
          "dependencies": [
            "module.subnets.aws_subnet.public",
            "module.subnets.data.aws_availability_zones.available",
            "module.subnets.data.aws_vpc.default",
            "module.vpc.aws_vpc.default"
          ]
        }
      ]
    },
    {
      "module": "module.subnets",
      "mode": "managed",
      "type": "aws_route",
      "name": "public",
      "provider": "provider[\"registry.terraform.io/hashicorp/aws\"]",
      "instances": [
        {
          "index_key": 0,
          "schema_version": 0,
          "attributes": {
            "destination_cidr_block": "0.0.0.0/0",
            "destination_ipv6_cidr_block": "",
            "destination_prefix_list_id": "",
            "egress_only_gateway_id": "",
            "gateway_id": "igw-05165bee9c1863b42",
            "id": "r-rtb-044f578a7503c82191080289494",
            "instance_id": "",
            "instance_owner_id": "",
            "nat_gateway_id": "",
            "network_interface_id": "",
            "origin": "CreateRoute",
            "route_table_id": "rtb-044f578a7503c8219",
            "state": "active",
            "timeouts": {
              "create": "2m",
              "delete": "5m"
            },
            "transit_gateway_id": "",
            "vpc_peering_connection_id": ""
          },
          "private": "eyJlMmJmYjczMC1lY2FhLTExZTYtOGY4OC0zNDM2M2JjN2M0YzAiOnsiY3JlYXRlIjoxMjAwMDAwMDAwMDAsImRlbGV0ZSI6MzAwMDAwMDAwMDAwfX0=",
          "dependencies": [
            "module.subnets.aws_route_table.public",
            "module.subnets.data.aws_vpc.default",
            "module.vpc.aws_internet_gateway.default",
            "module.vpc.aws_vpc.default"
          ]
        }
      ]
    },
    {
      "module": "module.subnets",
      "mode": "managed",
      "type": "aws_route_table",
      "name": "private",
      "provider": "provider[\"registry.terraform.io/hashicorp/aws\"]",
      "instances": [
        {
          "index_key": 0,
          "schema_version": 0,
          "attributes": {
            "id": "rtb-0680136b31f43c7a6",
            "owner_id": "338430314199",
            "propagating_vgws": [],
            "route": [],
            "tags": {
              "Attributes": "private",
              "Name": "fairwinds-poc-kg4sre-private-usw1b",
              "Namespace": "fairwinds",
              "Stage": "poc",
              "cpco.io/subnet/type": "private"
            },
            "vpc_id": "vpc-0a2b115c412c9dbe3"
          },
          "private": "bnVsbA==",
          "dependencies": [
            "module.subnets.data.aws_vpc.default",
            "module.vpc.aws_vpc.default"
          ]
        },
        {
          "index_key": 1,
          "schema_version": 0,
          "attributes": {
            "id": "rtb-05521226262c62557",
            "owner_id": "338430314199",
            "propagating_vgws": [],
            "route": [],
            "tags": {
              "Attributes": "private",
              "Name": "fairwinds-poc-kg4sre-private-usw1c",
              "Namespace": "fairwinds",
              "Stage": "poc",
              "cpco.io/subnet/type": "private"
            },
            "vpc_id": "vpc-0a2b115c412c9dbe3"
          },
          "private": "bnVsbA==",
          "dependencies": [
            "module.subnets.data.aws_vpc.default",
            "module.vpc.aws_vpc.default"
          ]
        }
      ]
    },
    {
      "module": "module.subnets",
      "mode": "managed",
      "type": "aws_route_table",
      "name": "public",
      "provider": "provider[\"registry.terraform.io/hashicorp/aws\"]",
      "instances": [
        {
          "index_key": 0,
          "schema_version": 0,
          "attributes": {
            "id": "rtb-044f578a7503c8219",
            "owner_id": "338430314199",
            "propagating_vgws": [],
            "route": [],
            "tags": {
              "Attributes": "public",
              "Name": "fairwinds-poc-kg4sre-public",
              "Namespace": "fairwinds",
              "Stage": "poc",
              "cpco.io/subnet/type": "public"
            },
            "vpc_id": "vpc-0a2b115c412c9dbe3"
          },
          "private": "bnVsbA==",
          "dependencies": [
            "module.subnets.data.aws_vpc.default",
            "module.vpc.aws_vpc.default"
          ]
        }
      ]
    },
    {
      "module": "module.subnets",
      "mode": "managed",
      "type": "aws_route_table_association",
      "name": "private",
      "provider": "provider[\"registry.terraform.io/hashicorp/aws\"]",
      "instances": [
        {
          "index_key": 0,
          "schema_version": 0,
          "attributes": {
            "gateway_id": null,
            "id": "rtbassoc-0b9bd5ce0a37d447d",
            "route_table_id": "rtb-0680136b31f43c7a6",
            "subnet_id": "subnet-0a89bdbc7ae771c4d"
          },
          "private": "bnVsbA==",
          "dependencies": [
            "module.subnets.aws_route_table.private",
            "module.subnets.aws_subnet.private",
            "module.subnets.data.aws_availability_zones.available",
            "module.subnets.data.aws_vpc.default",
            "module.vpc.aws_vpc.default"
          ]
        },
        {
          "index_key": 1,
          "schema_version": 0,
          "attributes": {
            "gateway_id": null,
            "id": "rtbassoc-0dc9889ab75a0b971",
            "route_table_id": "rtb-05521226262c62557",
            "subnet_id": "subnet-0d0c3abb9f321fad1"
          },
          "private": "bnVsbA==",
          "dependencies": [
            "module.subnets.aws_route_table.private",
            "module.subnets.aws_subnet.private",
            "module.subnets.data.aws_availability_zones.available",
            "module.subnets.data.aws_vpc.default",
            "module.vpc.aws_vpc.default"
          ]
        }
      ]
    },
    {
      "module": "module.subnets",
      "mode": "managed",
      "type": "aws_route_table_association",
      "name": "public",
      "provider": "provider[\"registry.terraform.io/hashicorp/aws\"]",
      "instances": [
        {
          "index_key": 0,
          "schema_version": 0,
          "attributes": {
            "gateway_id": null,
            "id": "rtbassoc-06b49fbe9d60a2453",
            "route_table_id": "rtb-044f578a7503c8219",
            "subnet_id": "subnet-00953512c2d44b0c3"
          },
          "private": "bnVsbA==",
          "dependencies": [
            "module.subnets.aws_route_table.public",
            "module.subnets.aws_subnet.public",
            "module.subnets.data.aws_availability_zones.available",
            "module.subnets.data.aws_vpc.default",
            "module.vpc.aws_vpc.default"
          ]
        },
        {
          "index_key": 1,
          "schema_version": 0,
          "attributes": {
            "gateway_id": null,
            "id": "rtbassoc-00c5fc318d395ee37",
            "route_table_id": "rtb-044f578a7503c8219",
            "subnet_id": "subnet-0720b183e99e3de2a"
          },
          "private": "bnVsbA==",
          "dependencies": [
            "module.subnets.aws_route_table.public",
            "module.subnets.aws_subnet.public",
            "module.subnets.data.aws_availability_zones.available",
            "module.subnets.data.aws_vpc.default",
            "module.vpc.aws_vpc.default"
          ]
        }
      ]
    },
    {
      "module": "module.ec2_instance",
      "mode": "managed",
      "type": "aws_security_group",
      "name": "default",
      "provider": "provider[\"registry.terraform.io/hashicorp/aws\"]",
      "instances": [
        {
          "index_key": 0,
          "schema_version": 1,
          "attributes": {
            "arn": "arn:aws:ec2:us-west-1:338430314199:security-group/sg-06acd3d2e7077306f",
            "description": "Instance default security group (only egress access is allowed)",
            "egress": [],
            "id": "sg-06acd3d2e7077306f",
            "ingress": [],
            "name": "fairwinds-poc-kg4sre",
            "name_prefix": null,
            "owner_id": "338430314199",
            "revoke_rules_on_delete": false,
            "tags": {
              "Name": "fairwinds-poc-kg4sre",
              "Namespace": "fairwinds",
              "Stage": "poc"
            },
            "timeouts": null,
            "vpc_id": "vpc-0a2b115c412c9dbe3"
          },
          "private": "eyJlMmJmYjczMC1lY2FhLTExZTYtOGY4OC0zNDM2M2JjN2M0YzAiOnsiY3JlYXRlIjo2MDAwMDAwMDAwMDAsImRlbGV0ZSI6NjAwMDAwMDAwMDAwfSwic2NoZW1hX3ZlcnNpb24iOiIxIn0=",
          "dependencies": [
            "module.vpc.aws_vpc.default"
          ],
          "create_before_destroy": true
        }
      ]
    },
    {
      "module": "module.ec2_instance",
      "mode": "managed",
      "type": "aws_security_group_rule",
      "name": "egress",
      "provider": "provider[\"registry.terraform.io/hashicorp/aws\"]",
      "instances": [
        {
          "index_key": 0,
          "schema_version": 2,
          "attributes": {
            "cidr_blocks": [
              "0.0.0.0/0"
            ],
            "description": null,
            "from_port": 0,
            "id": "sgrule-1439319732",
            "ipv6_cidr_blocks": null,
            "prefix_list_ids": null,
            "protocol": "-1",
            "security_group_id": "sg-06acd3d2e7077306f",
            "self": false,
            "source_security_group_id": null,
            "to_port": 65535,
            "type": "egress"
          },
          "private": "eyJzY2hlbWFfdmVyc2lvbiI6IjIifQ==",
          "dependencies": [
            "module.ec2_instance.aws_security_group.default",
            "module.vpc.aws_vpc.default"
          ]
        }
      ]
    },
    {
      "module": "module.ec2_instance",
      "mode": "managed",
      "type": "aws_security_group_rule",
      "name": "ingress_tcp",
      "provider": "provider[\"registry.terraform.io/hashicorp/aws\"]",
      "instances": [
        {
          "index_key": 0,
          "schema_version": 2,
          "attributes": {
            "cidr_blocks": [
              "0.0.0.0/0"
            ],
            "description": null,
            "from_port": 22,
            "id": "sgrule-2024733945",
            "ipv6_cidr_blocks": null,
            "prefix_list_ids": null,
            "protocol": "tcp",
            "security_group_id": "sg-06acd3d2e7077306f",
            "self": false,
            "source_security_group_id": null,
            "to_port": 22,
            "type": "ingress"
          },
          "private": "eyJzY2hlbWFfdmVyc2lvbiI6IjIifQ==",
          "dependencies": [
            "module.ec2_instance.aws_security_group.default",
            "module.vpc.aws_vpc.default"
          ]
        },
        {
          "index_key": 1,
          "schema_version": 2,
          "attributes": {
            "cidr_blocks": [
              "0.0.0.0/0"
            ],
            "description": null,
            "from_port": 80,
            "id": "sgrule-3458507084",
            "ipv6_cidr_blocks": null,
            "prefix_list_ids": null,
            "protocol": "tcp",
            "security_group_id": "sg-06acd3d2e7077306f",
            "self": false,
            "source_security_group_id": null,
            "to_port": 80,
            "type": "ingress"
          },
          "private": "eyJzY2hlbWFfdmVyc2lvbiI6IjIifQ==",
          "dependencies": [
            "module.ec2_instance.aws_security_group.default",
            "module.vpc.aws_vpc.default"
          ]
        }
      ]
    },
    {
      "module": "module.subnets",
      "mode": "managed",
      "type": "aws_subnet",
      "name": "private",
      "provider": "provider[\"registry.terraform.io/hashicorp/aws\"]",
      "instances": [
        {
          "index_key": 0,
          "schema_version": 1,
          "attributes": {
            "arn": "arn:aws:ec2:us-west-1:338430314199:subnet/subnet-0a89bdbc7ae771c4d",
            "assign_ipv6_address_on_creation": false,
            "availability_zone": "us-west-1b",
            "availability_zone_id": "usw1-az3",
            "cidr_block": "172.16.0.0/18",
            "id": "subnet-0a89bdbc7ae771c4d",
            "ipv6_cidr_block": "",
            "ipv6_cidr_block_association_id": "",
            "map_public_ip_on_launch": false,
            "outpost_arn": "",
            "owner_id": "338430314199",
            "tags": {
              "Attributes": "private",
              "Name": "fairwinds-poc-kg4sre-private-usw1b",
              "Namespace": "fairwinds",
              "Stage": "poc",
              "cpco.io/subnet/type": "private"
            },
            "timeouts": null,
            "vpc_id": "vpc-0a2b115c412c9dbe3"
          },
          "private": "eyJlMmJmYjczMC1lY2FhLTExZTYtOGY4OC0zNDM2M2JjN2M0YzAiOnsiY3JlYXRlIjo2MDAwMDAwMDAwMDAsImRlbGV0ZSI6MTIwMDAwMDAwMDAwMH0sInNjaGVtYV92ZXJzaW9uIjoiMSJ9",
          "dependencies": [
            "module.subnets.data.aws_availability_zones.available",
            "module.subnets.data.aws_vpc.default",
            "module.vpc.aws_vpc.default"
          ]
        },
        {
          "index_key": 1,
          "schema_version": 1,
          "attributes": {
            "arn": "arn:aws:ec2:us-west-1:338430314199:subnet/subnet-0d0c3abb9f321fad1",
            "assign_ipv6_address_on_creation": false,
            "availability_zone": "us-west-1c",
            "availability_zone_id": "usw1-az1",
            "cidr_block": "172.16.64.0/18",
            "id": "subnet-0d0c3abb9f321fad1",
            "ipv6_cidr_block": "",
            "ipv6_cidr_block_association_id": "",
            "map_public_ip_on_launch": false,
            "outpost_arn": "",
            "owner_id": "338430314199",
            "tags": {
              "Attributes": "private",
              "Name": "fairwinds-poc-kg4sre-private-usw1c",
              "Namespace": "fairwinds",
              "Stage": "poc",
              "cpco.io/subnet/type": "private"
            },
            "timeouts": null,
            "vpc_id": "vpc-0a2b115c412c9dbe3"
          },
          "private": "eyJlMmJmYjczMC1lY2FhLTExZTYtOGY4OC0zNDM2M2JjN2M0YzAiOnsiY3JlYXRlIjo2MDAwMDAwMDAwMDAsImRlbGV0ZSI6MTIwMDAwMDAwMDAwMH0sInNjaGVtYV92ZXJzaW9uIjoiMSJ9",
          "dependencies": [
            "module.subnets.data.aws_availability_zones.available",
            "module.subnets.data.aws_vpc.default",
            "module.vpc.aws_vpc.default"
          ]
        }
      ]
    },
    {
      "module": "module.subnets",
      "mode": "managed",
      "type": "aws_subnet",
      "name": "public",
      "provider": "provider[\"registry.terraform.io/hashicorp/aws\"]",
      "instances": [
        {
          "index_key": 0,
          "schema_version": 1,
          "attributes": {
            "arn": "arn:aws:ec2:us-west-1:338430314199:subnet/subnet-00953512c2d44b0c3",
            "assign_ipv6_address_on_creation": false,
            "availability_zone": "us-west-1b",
            "availability_zone_id": "usw1-az3",
            "cidr_block": "172.16.128.0/18",
            "id": "subnet-00953512c2d44b0c3",
            "ipv6_cidr_block": "",
            "ipv6_cidr_block_association_id": "",
            "map_public_ip_on_launch": true,
            "outpost_arn": "",
            "owner_id": "338430314199",
            "tags": {
              "Attributes": "public",
              "Name": "fairwinds-poc-kg4sre-public-usw1b",
              "Namespace": "fairwinds",
              "Stage": "poc",
              "cpco.io/subnet/type": "public"
            },
            "timeouts": null,
            "vpc_id": "vpc-0a2b115c412c9dbe3"
          },
          "private": "eyJlMmJmYjczMC1lY2FhLTExZTYtOGY4OC0zNDM2M2JjN2M0YzAiOnsiY3JlYXRlIjo2MDAwMDAwMDAwMDAsImRlbGV0ZSI6MTIwMDAwMDAwMDAwMH0sInNjaGVtYV92ZXJzaW9uIjoiMSJ9",
          "dependencies": [
            "module.subnets.data.aws_availability_zones.available",
            "module.subnets.data.aws_vpc.default",
            "module.vpc.aws_vpc.default"
          ]
        },
        {
          "index_key": 1,
          "schema_version": 1,
          "attributes": {
            "arn": "arn:aws:ec2:us-west-1:338430314199:subnet/subnet-0720b183e99e3de2a",
            "assign_ipv6_address_on_creation": false,
            "availability_zone": "us-west-1c",
            "availability_zone_id": "usw1-az1",
            "cidr_block": "172.16.192.0/18",
            "id": "subnet-0720b183e99e3de2a",
            "ipv6_cidr_block": "",
            "ipv6_cidr_block_association_id": "",
            "map_public_ip_on_launch": true,
            "outpost_arn": "",
            "owner_id": "338430314199",
            "tags": {
              "Attributes": "public",
              "Name": "fairwinds-poc-kg4sre-public-usw1c",
              "Namespace": "fairwinds",
              "Stage": "poc",
              "cpco.io/subnet/type": "public"
            },
            "timeouts": null,
            "vpc_id": "vpc-0a2b115c412c9dbe3"
          },
          "private": "eyJlMmJmYjczMC1lY2FhLTExZTYtOGY4OC0zNDM2M2JjN2M0YzAiOnsiY3JlYXRlIjo2MDAwMDAwMDAwMDAsImRlbGV0ZSI6MTIwMDAwMDAwMDAwMH0sInNjaGVtYV92ZXJzaW9uIjoiMSJ9",
          "dependencies": [
            "module.subnets.data.aws_availability_zones.available",
            "module.subnets.data.aws_vpc.default",
            "module.vpc.aws_vpc.default"
          ]
        }
      ]
    },
    {
      "module": "module.vpc",
      "mode": "managed",
      "type": "aws_vpc",
      "name": "default",
      "provider": "provider[\"registry.terraform.io/hashicorp/aws\"]",
      "instances": [
        {
          "index_key": 0,
          "schema_version": 1,
          "attributes": {
            "arn": "arn:aws:ec2:us-west-1:338430314199:vpc/vpc-0a2b115c412c9dbe3",
            "assign_generated_ipv6_cidr_block": true,
            "cidr_block": "172.16.0.0/16",
            "default_network_acl_id": "acl-0e3436b816ba8d932",
            "default_route_table_id": "rtb-0297c109909da7a7e",
            "default_security_group_id": "sg-0823586ab5f4ad60a",
            "dhcp_options_id": "dopt-bcc25ad9",
            "enable_classiclink": false,
            "enable_classiclink_dns_support": false,
            "enable_dns_hostnames": true,
            "enable_dns_support": true,
            "id": "vpc-0a2b115c412c9dbe3",
            "instance_tenancy": "default",
            "ipv6_association_id": "vpc-cidr-assoc-06b4acdef5217f8cb",
            "ipv6_cidr_block": "2600:1f1c:748:b900::/56",
            "main_route_table_id": "rtb-0297c109909da7a7e",
            "owner_id": "338430314199",
            "tags": {
              "Name": "fairwinds-poc-kg4sre",
              "Namespace": "fairwinds",
              "Stage": "poc"
            }
          },
          "private": "eyJzY2hlbWFfdmVyc2lvbiI6IjEifQ==",
          "create_before_destroy": true
        }
      ]
    },
    {
      "module": "module.aws_key_pair",
      "mode": "managed",
      "type": "local_file",
      "name": "private_key_pem",
      "provider": "provider[\"registry.terraform.io/hashicorp/local\"]",
      "instances": [
        {
          "index_key": 0,
          "schema_version": 0,
          "attributes": {
            "content": null,
            "content_base64": null,
            "directory_permission": "0777",
            "file_permission": "0600",
            "filename": "./secrets/fairwinds-poc-kg4sre",
            "id": "6e447d2c518c9d9832f188d78948c986c7ba9997",
            "sensitive_content": "-----BEGIN RSA PRIVATE KEY-----\nMIIEpgIBAAKCAQEA62cbO+B2+k1mOlijWT8TTWBwKw9EWBz/mncZgyJWFRIGQ2Jz\n9LizPAxChxiLJ1UEuAXHIG2MHGZloUIyT3sIuGofFIZvvbajcdnVSDEWSoYBRRbU\nWueEc02L7Wa3uwQpa+FAjatJ2tDJgdQFPDOnm8DWptBzhunE3Ntoq0clDQFndW23\n3XJTz2VI7coLvyld7CCzexz9owQ9cq0O/BMt8n7nWppRo2vkQCE+7YqUyMZeYIHU\nQlsnHqMmvYqhg5a6/oKOEt+a8NOBOYF3FZq2sX0PDQOP3T5dQtAxix6OmIkUgwyC\nI2wYXJ9GcHJFS+f0ihU0yiHd2HSLdSv8MeP5fwIDAQABAoIBAQCiEgXVDrC7mghV\nCWvFaUDf2BLCAqvaQnTUo0UkXMKJlTRMtn8BMRztrb8sBgDgXo92Jzw2nlWFxBYa\nlVnQEPQrC51EY16RbipPm1tVbb5cJrC/IX2o7JbrT6uUElFS6AWgqZ/pKdIaXf8u\nbIwCK8os2PKwPPodG9uW91Sz/7KJpWi/zl4pUiBmZGwFtk2R8YlWKaPgWEb2byeu\n5fYMQYqTEN452RtkDNU/J5QMgqY3DYYJj0gVaOeEu1POSc7X1H59tUTB3kPtWNbl\neRHExA0D5VQAiStLPqIxdzTbgKzS7T0WqAw5/J+wi9dX5Phi1+sIT/rhaWL9yavp\nJusEEHsRAoGBAPDrml4+F12yqxSiHCVOy3RYJXSQbsdnD8KfUyRlvIOdfZQWh+hU\nCo2x1zqC1ZsYO30yrALw2besU4mdxNt4b72fOnqPd+XXAbX2WvFJVkjZjlvOOInP\nJgFLXAEDgX9CasuEH6vq8W3hQnsUgizch6fXstaTYdmPkcxOps/QwhHXAoGBAPoj\nF6qe/CJEZIqaJ7eVrRHBN6oAPsBn5BUTCLuOqhjbTaDX1YmgTsLNmiluXMqoKf2O\n3puufag4DhSLgAES9/nnindofrQtoha1YL/xNwvU707ORFUjMiBb3oXhPhfArhyV\nTGAyj/patSxVmUDTo444ZTiEGlVAjCJ8RcCmCTCZAoGBALnRvrq5wWPvjqzXbEYK\nRDp0Uk9Zp1f9UdaW9JW6MnCBZH538lNrnsgzRwJGL2L0ic3C65FJG2PjcntOSKvO\ndMEYsw4c4ilQcG1cmkBIhFikFH0SzeDc+T8+VLQjdBonrB9UxOjgyV4qxBASfWUE\no0z9vV5rRql7ZsTiVR8ssML5AoGBAPGWbSg0j26FQdoAE3YjkNmCFUITJIhujwKv\ntJJ5st15Chvb+fkHpKpPK6LyXZq6Gnwzvdr9B44uPaMoLMRczrZGJB06Bo39OPzX\nx4766WB7E3q4i5Ty/ln0gRIrPu5wAXnH1NFgZGC3tR4Ruoe7IM+etlyEcm5+fhpc\njn4Hnv6ZAoGBALnePbjyp1S4ysz0WeMo6ICFhRcwI62a6J79ZdAqAQmp2HjYpqCY\n1VO4zVnhrUco/xqfmxQyVq6bQVNB2iqDcZkE/UfNEBcH70G8zzfE8T40+yVeUKWK\nSs+XbywXn1HFg2r5tEIxFN3u4D3rjzXk1foRM0UQKBjTISMjVrV/tE33\n-----END RSA PRIVATE KEY-----\n"
          },
          "private": "bnVsbA==",
          "dependencies": [
            "module.aws_key_pair.tls_private_key.default"
          ]
        }
      ]
    },
    {
      "module": "module.aws_key_pair",
      "mode": "managed",
      "type": "local_file",
      "name": "public_key_openssh",
      "provider": "provider[\"registry.terraform.io/hashicorp/local\"]",
      "instances": [
        {
          "index_key": 0,
          "schema_version": 0,
          "attributes": {
            "content": "ssh-rsa AAAAB3NzaC1yc2EAAAADAQABAAABAQDrZxs74Hb6TWY6WKNZPxNNYHArD0RYHP+adxmDIlYVEgZDYnP0uLM8DEKHGIsnVQS4BccgbYwcZmWhQjJPewi4ah8Uhm+9tqNx2dVIMRZKhgFFFtRa54RzTYvtZre7BClr4UCNq0na0MmB1AU8M6ebwNam0HOG6cTc22irRyUNAWd1bbfdclPPZUjtygu/KV3sILN7HP2jBD1yrQ78Ey3yfudamlGja+RAIT7tipTIxl5ggdRCWyceoya9iqGDlrr+go4S35rw04E5gXcVmraxfQ8NA4/dPl1C0DGLHo6YiRSDDIIjbBhcn0ZwckVL5/SKFTTKId3YdIt1K/wx4/l/\n",
            "content_base64": null,
            "directory_permission": "0777",
            "file_permission": "0777",
            "filename": "./secrets/fairwinds-poc-kg4sre.pub",
            "id": "221cdee1874bd018504710d306b1d3b7b5197525",
            "sensitive_content": null
          },
          "private": "bnVsbA==",
          "dependencies": [
            "module.aws_key_pair.tls_private_key.default"
          ]
        }
      ]
    },
    {
      "module": "module.aws_key_pair",
      "mode": "managed",
      "type": "tls_private_key",
      "name": "default",
      "provider": "provider[\"registry.terraform.io/hashicorp/tls\"]",
      "instances": [
        {
          "index_key": 0,
          "schema_version": 0,
          "attributes": {
            "algorithm": "RSA",
            "ecdsa_curve": "P224",
            "id": "9b45168fc262700fae6167e546e987319176e183",
            "private_key_pem": "-----BEGIN RSA PRIVATE KEY-----\nMIIEpgIBAAKCAQEA62cbO+B2+k1mOlijWT8TTWBwKw9EWBz/mncZgyJWFRIGQ2Jz\n9LizPAxChxiLJ1UEuAXHIG2MHGZloUIyT3sIuGofFIZvvbajcdnVSDEWSoYBRRbU\nWueEc02L7Wa3uwQpa+FAjatJ2tDJgdQFPDOnm8DWptBzhunE3Ntoq0clDQFndW23\n3XJTz2VI7coLvyld7CCzexz9owQ9cq0O/BMt8n7nWppRo2vkQCE+7YqUyMZeYIHU\nQlsnHqMmvYqhg5a6/oKOEt+a8NOBOYF3FZq2sX0PDQOP3T5dQtAxix6OmIkUgwyC\nI2wYXJ9GcHJFS+f0ihU0yiHd2HSLdSv8MeP5fwIDAQABAoIBAQCiEgXVDrC7mghV\nCWvFaUDf2BLCAqvaQnTUo0UkXMKJlTRMtn8BMRztrb8sBgDgXo92Jzw2nlWFxBYa\nlVnQEPQrC51EY16RbipPm1tVbb5cJrC/IX2o7JbrT6uUElFS6AWgqZ/pKdIaXf8u\nbIwCK8os2PKwPPodG9uW91Sz/7KJpWi/zl4pUiBmZGwFtk2R8YlWKaPgWEb2byeu\n5fYMQYqTEN452RtkDNU/J5QMgqY3DYYJj0gVaOeEu1POSc7X1H59tUTB3kPtWNbl\neRHExA0D5VQAiStLPqIxdzTbgKzS7T0WqAw5/J+wi9dX5Phi1+sIT/rhaWL9yavp\nJusEEHsRAoGBAPDrml4+F12yqxSiHCVOy3RYJXSQbsdnD8KfUyRlvIOdfZQWh+hU\nCo2x1zqC1ZsYO30yrALw2besU4mdxNt4b72fOnqPd+XXAbX2WvFJVkjZjlvOOInP\nJgFLXAEDgX9CasuEH6vq8W3hQnsUgizch6fXstaTYdmPkcxOps/QwhHXAoGBAPoj\nF6qe/CJEZIqaJ7eVrRHBN6oAPsBn5BUTCLuOqhjbTaDX1YmgTsLNmiluXMqoKf2O\n3puufag4DhSLgAES9/nnindofrQtoha1YL/xNwvU707ORFUjMiBb3oXhPhfArhyV\nTGAyj/patSxVmUDTo444ZTiEGlVAjCJ8RcCmCTCZAoGBALnRvrq5wWPvjqzXbEYK\nRDp0Uk9Zp1f9UdaW9JW6MnCBZH538lNrnsgzRwJGL2L0ic3C65FJG2PjcntOSKvO\ndMEYsw4c4ilQcG1cmkBIhFikFH0SzeDc+T8+VLQjdBonrB9UxOjgyV4qxBASfWUE\no0z9vV5rRql7ZsTiVR8ssML5AoGBAPGWbSg0j26FQdoAE3YjkNmCFUITJIhujwKv\ntJJ5st15Chvb+fkHpKpPK6LyXZq6Gnwzvdr9B44uPaMoLMRczrZGJB06Bo39OPzX\nx4766WB7E3q4i5Ty/ln0gRIrPu5wAXnH1NFgZGC3tR4Ruoe7IM+etlyEcm5+fhpc\njn4Hnv6ZAoGBALnePbjyp1S4ysz0WeMo6ICFhRcwI62a6J79ZdAqAQmp2HjYpqCY\n1VO4zVnhrUco/xqfmxQyVq6bQVNB2iqDcZkE/UfNEBcH70G8zzfE8T40+yVeUKWK\nSs+XbywXn1HFg2r5tEIxFN3u4D3rjzXk1foRM0UQKBjTISMjVrV/tE33\n-----END RSA PRIVATE KEY-----\n",
            "public_key_fingerprint_md5": "32:bd:17:08:c5:36:89:30:82:09:e8:58:5e:c9:b0:a5",
            "public_key_openssh": "ssh-rsa AAAAB3NzaC1yc2EAAAADAQABAAABAQDrZxs74Hb6TWY6WKNZPxNNYHArD0RYHP+adxmDIlYVEgZDYnP0uLM8DEKHGIsnVQS4BccgbYwcZmWhQjJPewi4ah8Uhm+9tqNx2dVIMRZKhgFFFtRa54RzTYvtZre7BClr4UCNq0na0MmB1AU8M6ebwNam0HOG6cTc22irRyUNAWd1bbfdclPPZUjtygu/KV3sILN7HP2jBD1yrQ78Ey3yfudamlGja+RAIT7tipTIxl5ggdRCWyceoya9iqGDlrr+go4S35rw04E5gXcVmraxfQ8NA4/dPl1C0DGLHo6YiRSDDIIjbBhcn0ZwckVL5/SKFTTKId3YdIt1K/wx4/l/\n",
            "public_key_pem": "-----BEGIN PUBLIC KEY-----\nMIIBIjANBgkqhkiG9w0BAQEFAAOCAQ8AMIIBCgKCAQEA62cbO+B2+k1mOlijWT8T\nTWBwKw9EWBz/mncZgyJWFRIGQ2Jz9LizPAxChxiLJ1UEuAXHIG2MHGZloUIyT3sI\nuGofFIZvvbajcdnVSDEWSoYBRRbUWueEc02L7Wa3uwQpa+FAjatJ2tDJgdQFPDOn\nm8DWptBzhunE3Ntoq0clDQFndW233XJTz2VI7coLvyld7CCzexz9owQ9cq0O/BMt\n8n7nWppRo2vkQCE+7YqUyMZeYIHUQlsnHqMmvYqhg5a6/oKOEt+a8NOBOYF3FZq2\nsX0PDQOP3T5dQtAxix6OmIkUgwyCI2wYXJ9GcHJFS+f0ihU0yiHd2HSLdSv8MeP5\nfwIDAQAB\n-----END PUBLIC KEY-----\n",
            "rsa_bits": 2048
          },
          "private": "bnVsbA=="
        }
      ]
    }
  ]
}
