{
  "version": 4,
  "terraform_version": "0.13.0",
  "serial": 710,
  "lineage": "663bb148-9013-34bd-388b-3951699401ad",
  "outputs": {
    "additional_eni_ids": {
      "value": {},
      "type": [
        "object",
        {}
      ]
    },
    "arn": {
      "value": "arn:aws:ec2:us-west-1:338430314199:instance/i-0dbbb142fa2064f4c",
      "type": "string"
    },
    "ebs_ids": {
      "value": [],
      "type": [
        "tuple",
        []
      ]
    },
    "id": {
      "value": "i-0dbbb142fa2064f4c",
      "type": "string"
    },
    "key_name": {
      "value": "fairwinds-poc-kg4sre",
      "type": "string"
    },
    "name": {
      "value": "fairwinds-poc-kg4sre",
      "type": "string"
    },
    "primary_network_interface_id": {
      "value": "eni-07888b18796c36c69",
      "type": "string"
    },
    "private_dns": {
      "value": "ip-172-16-159-57.us-west-1.compute.internal",
      "type": "string"
    },
    "private_ip": {
      "value": "172.16.159.57",
      "type": "string"
    },
    "private_key_filename": {
      "value": "./secrets/fairwinds-poc-kg4sre",
      "type": "string"
    },
    "private_subnet_cidrs": {
      "value": [
        "172.16.0.0/18",
        "172.16.64.0/18"
      ],
      "type": [
        "tuple",
        [
          "string",
          "string"
        ]
      ]
    },
    "public_dns": {
      "value": "ec2-54-177-186-112.us-west-1.compute.amazonaws.com",
      "type": "string"
    },
    "public_ip": {
      "value": "54.177.186.112",
      "type": "string"
    },
    "public_key": {
      "value": "ssh-rsa AAAAB3NzaC1yc2EAAAADAQABAAABAQCjxect2O3KQaKJ4Ku7V2onwooLyT2rQ2rFk/9puV7iDGT71s643eng0re8mDwqUbHJmPMKLIOir9UP5v8NJH5sQ+MEPi/rVEiZo5zT99XG9uBV4mexKj80s1dQzD8ys0iJ4jhh1xLJkbj30VwmycooTlUBb94FWwUofDpBm7VdT+CITW9CmfzUkGI8wwXA+E1i5rQyGwMMDSDwQy7OysIg3FZIJM1RdYymE03EkCQCsu0rWfJtRGL4Qy10L7X1Bm0+KCGgdy3UUB4m1dw4zd9qsAimE+oR5U/oCaqr+cuj44OGnouX3OiYD+26I7lnoCpuA5HCU5PVdqxEVd+VoOMn\n",
      "type": "string"
    },
    "public_key_filename": {
      "value": "./secrets/fairwinds-poc-kg4sre.pub",
      "type": "string"
    },
    "public_subnet_cidrs": {
      "value": [
        "172.16.128.0/18",
        "172.16.192.0/18"
      ],
      "type": [
        "tuple",
        [
          "string",
          "string"
        ]
      ]
    },
    "security_group_ids": {
      "value": [
        "sg-0b8adf49754163e8e",
        "sg-0d4a37de1ec70f6ef"
      ],
      "type": [
        "list",
        "string"
      ]
    },
    "ssh_key_pair": {
      "value": "fairwinds-poc-kg4sre",
      "type": "string"
    },
    "vpc_cidr": {
      "value": "172.16.0.0/16",
      "type": "string"
    }
  },
  "resources": [
    {
      "module": "module.ec2_instance",
      "mode": "data",
      "type": "aws_ami",
      "name": "default",
      "provider": "provider[\"registry.terraform.io/hashicorp/aws\"]",
      "instances": [
        {
          "index_key": 0,
          "schema_version": 0,
          "attributes": {
            "architecture": "x86_64",
            "arn": "arn:aws:ec2:us-west-1::image/ami-07509d53ed1aa0b33",
            "block_device_mappings": [
              {
                "device_name": "/dev/sda1",
                "ebs": {
                  "delete_on_termination": "true",
                  "encrypted": "false",
                  "iops": "0",
                  "snapshot_id": "snap-0fe64f3d34abafdb0",
                  "volume_size": "8",
                  "volume_type": "gp2"
                },
                "no_device": "",
                "virtual_name": ""
              },
              {
                "device_name": "/dev/sdb",
                "ebs": {},
                "no_device": "",
                "virtual_name": "ephemeral0"
              },
              {
                "device_name": "/dev/sdc",
                "ebs": {},
                "no_device": "",
                "virtual_name": "ephemeral1"
              }
            ],
            "creation_date": "2020-12-11T12:22:53.000Z",
            "description": "Canonical, Ubuntu, 18.04 LTS, amd64 bionic image build on 2020-12-11",
            "executable_users": null,
            "filter": [
              {
                "name": "name",
                "values": [
                  "ubuntu/images/hvm-ssd/ubuntu-bionic-18.04-amd64-server-*"
                ]
              },
              {
                "name": "virtualization-type",
                "values": [
                  "hvm"
                ]
              }
            ],
            "hypervisor": "xen",
            "id": "ami-07509d53ed1aa0b33",
            "image_id": "ami-07509d53ed1aa0b33",
            "image_location": "099720109477/ubuntu/images/hvm-ssd/ubuntu-bionic-18.04-amd64-server-20201211.1",
            "image_owner_alias": null,
            "image_type": "machine",
            "kernel_id": null,
            "most_recent": true,
            "name": "ubuntu/images/hvm-ssd/ubuntu-bionic-18.04-amd64-server-20201211.1",
            "name_regex": null,
            "owner_id": "099720109477",
            "owners": [
              "099720109477"
            ],
            "platform": null,
            "product_codes": [],
            "public": true,
            "ramdisk_id": null,
            "root_device_name": "/dev/sda1",
            "root_device_type": "ebs",
            "root_snapshot_id": "snap-0fe64f3d34abafdb0",
            "sriov_net_support": "simple",
            "state": "available",
            "state_reason": {
              "code": "UNSET",
              "message": "UNSET"
            },
            "tags": {},
            "virtualization_type": "hvm"
          }
        }
      ]
    },
    {
      "module": "module.ec2_instance",
      "mode": "data",
      "type": "aws_ami",
      "name": "info",
      "provider": "provider[\"registry.terraform.io/hashicorp/aws\"]",
      "instances": [
        {
          "schema_version": 0,
          "attributes": {
            "architecture": "x86_64",
            "arn": "arn:aws:ec2:us-west-1::image/ami-07509d53ed1aa0b33",
            "block_device_mappings": [
              {
                "device_name": "/dev/sda1",
                "ebs": {
                  "delete_on_termination": "true",
                  "encrypted": "false",
                  "iops": "0",
                  "snapshot_id": "snap-0fe64f3d34abafdb0",
                  "volume_size": "8",
                  "volume_type": "gp2"
                },
                "no_device": "",
                "virtual_name": ""
              },
              {
                "device_name": "/dev/sdb",
                "ebs": {},
                "no_device": "",
                "virtual_name": "ephemeral0"
              },
              {
                "device_name": "/dev/sdc",
                "ebs": {},
                "no_device": "",
                "virtual_name": "ephemeral1"
              }
            ],
            "creation_date": "2020-12-11T12:22:53.000Z",
            "description": "Canonical, Ubuntu, 18.04 LTS, amd64 bionic image build on 2020-12-11",
            "executable_users": null,
            "filter": [
              {
                "name": "image-id",
                "values": [
                  "ami-07509d53ed1aa0b33"
                ]
              }
            ],
            "hypervisor": "xen",
            "id": "ami-07509d53ed1aa0b33",
            "image_id": "ami-07509d53ed1aa0b33",
            "image_location": "099720109477/ubuntu/images/hvm-ssd/ubuntu-bionic-18.04-amd64-server-20201211.1",
            "image_owner_alias": null,
            "image_type": "machine",
            "kernel_id": null,
            "most_recent": false,
            "name": "ubuntu/images/hvm-ssd/ubuntu-bionic-18.04-amd64-server-20201211.1",
            "name_regex": null,
            "owner_id": "099720109477",
            "owners": [
              "099720109477"
            ],
            "platform": null,
            "product_codes": [],
            "public": true,
            "ramdisk_id": null,
            "root_device_name": "/dev/sda1",
            "root_device_type": "ebs",
            "root_snapshot_id": "snap-0fe64f3d34abafdb0",
            "sriov_net_support": "simple",
            "state": "available",
            "state_reason": {
              "code": "UNSET",
              "message": "UNSET"
            },
            "tags": {},
            "virtualization_type": "hvm"
          }
        }
      ]
    },
    {
      "module": "module.subnets",
      "mode": "data",
      "type": "aws_availability_zones",
      "name": "available",
      "provider": "provider[\"registry.terraform.io/hashicorp/aws\"]",
      "instances": [
        {
          "index_key": 0,
          "schema_version": 0,
          "attributes": {
            "all_availability_zones": null,
            "blacklisted_names": null,
            "blacklisted_zone_ids": null,
            "exclude_names": null,
            "exclude_zone_ids": null,
            "filter": null,
            "group_names": [
              "us-west-1"
            ],
            "id": "2020-12-15 18:53:23.488267 +0000 UTC",
            "names": [
              "us-west-1b",
              "us-west-1c"
            ],
            "state": null,
            "zone_ids": [
              "usw1-az3",
              "usw1-az1"
            ]
          }
        }
      ]
    },
    {
      "module": "module.ec2_instance",
      "mode": "data",
      "type": "aws_caller_identity",
      "name": "default",
      "provider": "provider[\"registry.terraform.io/hashicorp/aws\"]",
      "instances": [
        {
          "schema_version": 0,
          "attributes": {
            "account_id": "338430314199",
            "arn": "arn:aws:iam::338430314199:user/kevgibson@gmail.com",
            "id": "2020-12-15 18:53:20.100353 +0000 UTC",
            "user_id": "AIDAU5TAEY3L6OK2DVNN6"
          }
        }
      ]
    },
    {
      "module": "module.ec2_instance",
      "mode": "data",
      "type": "aws_iam_policy_document",
      "name": "default",
      "provider": "provider[\"registry.terraform.io/hashicorp/aws\"]",
      "instances": [
        {
          "schema_version": 0,
          "attributes": {
            "id": "1903849331",
            "json": "{\n  \"Version\": \"2012-10-17\",\n  \"Statement\": [\n    {\n      \"Sid\": \"\",\n      \"Effect\": \"Allow\",\n      \"Action\": \"sts:AssumeRole\",\n      \"Principal\": {\n        \"Service\": \"ec2.amazonaws.com\"\n      }\n    }\n  ]\n}",
            "override_json": null,
            "policy_id": null,
            "source_json": null,
            "statement": [
              {
                "actions": [
                  "sts:AssumeRole"
                ],
                "condition": [],
                "effect": "Allow",
                "not_actions": [],
                "not_principals": [],
                "not_resources": [],
                "principals": [
                  {
                    "identifiers": [
                      "ec2.amazonaws.com"
                    ],
                    "type": "Service"
                  }
                ],
                "resources": [],
                "sid": ""
              }
            ],
            "version": "2012-10-17"
          }
        }
      ]
    },
    {
      "module": "module.ec2_instance",
      "mode": "data",
      "type": "aws_partition",
      "name": "default",
      "provider": "provider[\"registry.terraform.io/hashicorp/aws\"]",
      "instances": [
        {
          "schema_version": 0,
          "attributes": {
            "dns_suffix": "amazonaws.com",
            "id": "2020-12-15 18:53:19.99615 +0000 UTC",
            "partition": "aws"
          }
        }
      ]
    },
    {
      "module": "module.ec2_instance",
      "mode": "data",
      "type": "aws_region",
      "name": "default",
      "provider": "provider[\"registry.terraform.io/hashicorp/aws\"]",
      "instances": [
        {
          "schema_version": 0,
          "attributes": {
            "current": null,
            "description": "US West (N. California)",
            "endpoint": "ec2.us-west-1.amazonaws.com",
            "id": "us-west-1",
            "name": "us-west-1"
          }
        }
      ]
    },
    {
      "module": "module.ec2_instance",
      "mode": "data",
      "type": "aws_subnet",
      "name": "default",
      "provider": "provider[\"registry.terraform.io/hashicorp/aws\"]",
      "instances": [
        {
          "schema_version": 0,
          "attributes": {
            "arn": "arn:aws:ec2:us-west-1:338430314199:subnet/subnet-0bf3920ef7d5444fc",
            "assign_ipv6_address_on_creation": false,
            "availability_zone": "us-west-1b",
            "availability_zone_id": "usw1-az3",
            "cidr_block": "172.16.128.0/18",
            "default_for_az": false,
            "filter": null,
            "id": "subnet-0bf3920ef7d5444fc",
            "ipv6_cidr_block": null,
            "ipv6_cidr_block_association_id": null,
            "map_public_ip_on_launch": true,
            "outpost_arn": "",
            "owner_id": "338430314199",
            "state": "available",
            "tags": {
              "Attributes": "public",
              "Name": "fairwinds-poc-kg4sre-public-us-west-1b",
              "Namespace": "fairwinds",
              "Stage": "poc",
              "cpco.io/subnet/type": "public"
            },
            "vpc_id": "vpc-0efb2781140cb0511"
          }
        }
      ]
    },
    {
      "module": "module.subnets",
      "mode": "data",
      "type": "aws_vpc",
      "name": "default",
      "provider": "provider[\"registry.terraform.io/hashicorp/aws\"]",
      "instances": [
        {
          "index_key": 0,
          "schema_version": 0,
          "attributes": {
            "arn": "arn:aws:ec2:us-west-1:338430314199:vpc/vpc-0efb2781140cb0511",
            "cidr_block": "172.16.0.0/16",
            "cidr_block_associations": [
              {
                "association_id": "vpc-cidr-assoc-0795e8fe026d93132",
                "cidr_block": "172.16.0.0/16",
                "state": "associated"
              }
            ],
            "default": false,
            "dhcp_options_id": "dopt-bcc25ad9",
            "enable_dns_hostnames": true,
            "enable_dns_support": true,
            "filter": null,
            "id": "vpc-0efb2781140cb0511",
            "instance_tenancy": "default",
            "ipv6_association_id": "vpc-cidr-assoc-01f70165e87714c47",
            "ipv6_cidr_block": "2600:1f1c:dfe:c00::/56",
            "main_route_table_id": "rtb-057b77e45f4085c87",
            "owner_id": "338430314199",
            "state": "available",
            "tags": {
              "Name": "fairwinds-poc-kg4sre",
              "Namespace": "fairwinds",
              "Stage": "poc"
            }
          }
        }
      ]
    },
    {
      "module": "module.ec2_instance",
      "mode": "data",
      "type": "null_data_source",
      "name": "eip",
      "provider": "provider[\"registry.terraform.io/hashicorp/null\"]",
      "instances": [
        {
          "schema_version": 0,
          "attributes": {
            "has_computed_default": "default",
            "id": "static",
            "inputs": {
              "public_dns": "ec2-54-177-186-112.us-west-1.compute.amazonaws.com"
            },
            "outputs": {
              "public_dns": "ec2-54-177-186-112.us-west-1.compute.amazonaws.com"
            },
            "random": "4910255010729598123"
          }
        }
      ]
    },
    {
      "module": "module.vpc",
      "mode": "managed",
      "type": "aws_default_security_group",
      "name": "default",
      "provider": "provider[\"registry.terraform.io/hashicorp/aws\"]",
      "instances": [
        {
          "index_key": 0,
          "schema_version": 1,
          "attributes": {
            "arn": "arn:aws:ec2:us-west-1:338430314199:security-group/sg-0d4a37de1ec70f6ef",
            "description": "default VPC security group",
            "egress": [],
            "id": "sg-0d4a37de1ec70f6ef",
            "ingress": [],
            "name": "default",
            "owner_id": "338430314199",
            "revoke_rules_on_delete": false,
            "tags": {
              "Name": "Default Security Group",
              "Namespace": "fairwinds",
              "Stage": "poc"
            },
            "timeouts": null,
            "vpc_id": "vpc-0efb2781140cb0511"
          },
          "private": "eyJlMmJmYjczMC1lY2FhLTExZTYtOGY4OC0zNDM2M2JjN2M0YzAiOnsiY3JlYXRlIjo2MDAwMDAwMDAwMDAsImRlbGV0ZSI6NjAwMDAwMDAwMDAwfSwic2NoZW1hX3ZlcnNpb24iOiIxIn0=",
          "dependencies": [
            "module.vpc.aws_vpc.default"
          ]
        }
      ]
    },
    {
      "module": "module.ec2_instance",
      "mode": "managed",
      "type": "aws_eip",
      "name": "default",
      "provider": "provider[\"registry.terraform.io/hashicorp/aws\"]",
      "instances": [
        {
          "index_key": 0,
          "schema_version": 0,
          "attributes": {
            "allocation_id": null,
            "associate_with_private_ip": null,
            "association_id": "eipassoc-0b847c319097c3db6",
            "customer_owned_ip": "",
            "customer_owned_ipv4_pool": "",
            "domain": "vpc",
            "id": "eipalloc-c28358fc",
            "instance": "i-0dbbb142fa2064f4c",
            "network_interface": "eni-07888b18796c36c69",
            "private_dns": "ip-172-16-159-57.us-west-1.compute.internal",
            "private_ip": "172.16.159.57",
            "public_dns": "ec2-54-177-186-112.us-west-1.compute.amazonaws.com",
            "public_ip": "54.177.186.112",
            "public_ipv4_pool": "amazon",
            "tags": {
              "Name": "fairwinds-poc-kg4sre",
              "Namespace": "fairwinds",
              "Stage": "poc"
            },
            "timeouts": null,
            "vpc": true
          },
          "private": "eyJlMmJmYjczMC1lY2FhLTExZTYtOGY4OC0zNDM2M2JjN2M0YzAiOnsiZGVsZXRlIjoxODAwMDAwMDAwMDAsInJlYWQiOjkwMDAwMDAwMDAwMCwidXBkYXRlIjozMDAwMDAwMDAwMDB9fQ==",
          "dependencies": [
            "module.aws_key_pair.aws_key_pair.generated",
            "module.aws_key_pair.aws_key_pair.imported",
            "module.aws_key_pair.tls_private_key.default",
            "module.ec2_instance.aws_instance.default",
            "module.ec2_instance.aws_security_group.default",
            "module.ec2_instance.data.aws_ami.default",
            "module.ec2_instance.data.aws_ami.info",
            "module.ec2_instance.data.aws_subnet.default",
            "module.subnets.aws_subnet.public",
            "module.subnets.data.aws_availability_zones.available",
            "module.subnets.data.aws_vpc.default",
            "module.vpc.aws_vpc.default"
          ]
        }
      ]
    },
    {
      "module": "module.ec2_instance",
      "mode": "managed",
      "type": "aws_instance",
      "name": "default",
      "provider": "provider[\"registry.terraform.io/hashicorp/aws\"]",
      "instances": [
        {
          "index_key": 0,
          "schema_version": 1,
          "attributes": {
            "ami": "ami-07509d53ed1aa0b33",
            "arn": "arn:aws:ec2:us-west-1:338430314199:instance/i-0dbbb142fa2064f4c",
            "associate_public_ip_address": true,
            "availability_zone": "us-west-1b",
            "cpu_core_count": 1,
            "cpu_threads_per_core": 1,
            "credit_specification": [
              {
                "cpu_credits": "standard"
              }
            ],
            "disable_api_termination": false,
            "ebs_block_device": [],
            "ebs_optimized": false,
            "ephemeral_block_device": [],
            "get_password_data": false,
            "hibernation": false,
            "host_id": null,
            "iam_instance_profile": "",
            "id": "i-0dbbb142fa2064f4c",
            "instance_initiated_shutdown_behavior": null,
            "instance_state": "running",
            "instance_type": "t2.micro",
            "ipv6_address_count": 0,
            "ipv6_addresses": [],
            "key_name": "fairwinds-poc-kg4sre",
            "metadata_options": [
              {
                "http_endpoint": "enabled",
                "http_put_response_hop_limit": 1,
                "http_tokens": "optional"
              }
            ],
            "monitoring": false,
            "network_interface": [],
            "network_interface_id": null,
            "outpost_arn": "",
            "password_data": "",
            "placement_group": "",
            "primary_network_interface_id": "eni-07888b18796c36c69",
            "private_dns": "ip-172-16-159-57.us-west-1.compute.internal",
            "private_ip": "172.16.159.57",
            "public_dns": "ec2-18-144-156-80.us-west-1.compute.amazonaws.com",
            "public_ip": "18.144.156.80",
            "root_block_device": [
              {
                "delete_on_termination": true,
                "device_name": "/dev/sda1",
                "encrypted": false,
                "iops": 100,
                "kms_key_id": "",
                "volume_id": "vol-0471fa0cf5af66d64",
                "volume_size": 10,
                "volume_type": "gp2"
              }
            ],
            "security_groups": [],
            "source_dest_check": true,
            "subnet_id": "subnet-0bf3920ef7d5444fc",
            "tags": {
              "Name": "fairwinds-poc-kg4sre",
              "Namespace": "fairwinds",
              "Stage": "poc"
            },
            "tenancy": "default",
            "timeouts": null,
            "user_data": "8881568eab44a757c0cef26b9fca5071d7623219",
            "user_data_base64": null,
            "volume_tags": {},
            "vpc_security_group_ids": [
              "sg-0b8adf49754163e8e",
              "sg-0d4a37de1ec70f6ef"
            ]
          },
          "private": "eyJlMmJmYjczMC1lY2FhLTExZTYtOGY4OC0zNDM2M2JjN2M0YzAiOnsiY3JlYXRlIjo2MDAwMDAwMDAwMDAsImRlbGV0ZSI6MTIwMDAwMDAwMDAwMCwidXBkYXRlIjo2MDAwMDAwMDAwMDB9LCJzY2hlbWFfdmVyc2lvbiI6IjEifQ==",
          "dependencies": [
            "module.aws_key_pair.aws_key_pair.generated",
            "module.aws_key_pair.aws_key_pair.imported",
            "module.aws_key_pair.tls_private_key.default",
            "module.ec2_instance.aws_security_group.default",
            "module.ec2_instance.data.aws_ami.default",
            "module.ec2_instance.data.aws_ami.info",
            "module.ec2_instance.data.aws_subnet.default",
            "module.subnets.aws_subnet.public",
            "module.subnets.data.aws_availability_zones.available",
            "module.subnets.data.aws_vpc.default",
            "module.vpc.aws_vpc.default"
          ]
        }
      ]
    },
    {
      "module": "module.vpc",
      "mode": "managed",
      "type": "aws_internet_gateway",
      "name": "default",
      "provider": "provider[\"registry.terraform.io/hashicorp/aws\"]",
      "instances": [
        {
          "index_key": 0,
          "schema_version": 0,
          "attributes": {
            "arn": "arn:aws:ec2:us-west-1:338430314199:internet-gateway/igw-02efa4a6057975bbf",
            "id": "igw-02efa4a6057975bbf",
            "owner_id": "338430314199",
            "tags": {
              "Name": "fairwinds-poc-kg4sre",
              "Namespace": "fairwinds",
              "Stage": "poc"
            },
            "vpc_id": "vpc-0efb2781140cb0511"
          },
          "private": "bnVsbA==",
          "dependencies": [
            "module.vpc.aws_vpc.default"
          ]
        }
      ]
    },
    {
      "module": "module.aws_key_pair",
      "mode": "managed",
      "type": "aws_key_pair",
      "name": "generated",
      "provider": "provider[\"registry.terraform.io/hashicorp/aws\"]",
      "instances": [
        {
          "index_key": 0,
          "schema_version": 1,
          "attributes": {
            "arn": "arn:aws:ec2:us-west-1:338430314199:key-pair/fairwinds-poc-kg4sre",
            "fingerprint": "76:6a:e9:16:94:4a:ad:de:1c:73:a6:06:b0:50:3a:9e",
            "id": "fairwinds-poc-kg4sre",
            "key_name": "fairwinds-poc-kg4sre",
            "key_name_prefix": null,
            "key_pair_id": "key-04c2d0efd2c068075",
            "public_key": "ssh-rsa AAAAB3NzaC1yc2EAAAADAQABAAABAQCjxect2O3KQaKJ4Ku7V2onwooLyT2rQ2rFk/9puV7iDGT71s643eng0re8mDwqUbHJmPMKLIOir9UP5v8NJH5sQ+MEPi/rVEiZo5zT99XG9uBV4mexKj80s1dQzD8ys0iJ4jhh1xLJkbj30VwmycooTlUBb94FWwUofDpBm7VdT+CITW9CmfzUkGI8wwXA+E1i5rQyGwMMDSDwQy7OysIg3FZIJM1RdYymE03EkCQCsu0rWfJtRGL4Qy10L7X1Bm0+KCGgdy3UUB4m1dw4zd9qsAimE+oR5U/oCaqr+cuj44OGnouX3OiYD+26I7lnoCpuA5HCU5PVdqxEVd+VoOMn",
            "tags": null
          },
          "private": "eyJzY2hlbWFfdmVyc2lvbiI6IjEifQ==",
          "dependencies": [
            "module.aws_key_pair.tls_private_key.default"
          ]
        }
      ]
    },
    {
      "module": "module.subnets",
      "mode": "managed",
      "type": "aws_network_acl",
      "name": "private",
      "provider": "provider[\"registry.terraform.io/hashicorp/aws\"]",
      "instances": [
        {
          "index_key": 0,
          "schema_version": 0,
          "attributes": {
            "arn": "arn:aws:ec2:us-west-1:338430314199:network-acl/acl-0436a817c9c3b1413",
            "egress": [
              {
                "action": "allow",
                "cidr_block": "0.0.0.0/0",
                "from_port": 0,
                "icmp_code": null,
                "icmp_type": null,
                "ipv6_cidr_block": "",
                "protocol": "-1",
                "rule_no": 100,
                "to_port": 0
              }
            ],
            "id": "acl-0436a817c9c3b1413",
            "ingress": [
              {
                "action": "allow",
                "cidr_block": "0.0.0.0/0",
                "from_port": 0,
                "icmp_code": null,
                "icmp_type": null,
                "ipv6_cidr_block": "",
                "protocol": "-1",
                "rule_no": 100,
                "to_port": 0
              }
            ],
            "owner_id": "338430314199",
            "subnet_id": null,
            "subnet_ids": [
              "subnet-008425c6a7d380aa1",
              "subnet-04bb5724d356c4e98"
            ],
            "tags": {
              "Attributes": "private",
              "Name": "fairwinds-poc-kg4sre-private",
              "Namespace": "fairwinds",
              "Stage": "poc",
              "cpco.io/subnet/type": "private"
            },
            "vpc_id": "vpc-0efb2781140cb0511"
          },
          "private": "bnVsbA==",
          "dependencies": [
            "module.subnets.aws_subnet.private",
            "module.subnets.data.aws_availability_zones.available",
            "module.subnets.data.aws_vpc.default",
            "module.vpc.aws_vpc.default"
          ]
        }
      ]
    },
    {
      "module": "module.subnets",
      "mode": "managed",
      "type": "aws_network_acl",
      "name": "public",
      "provider": "provider[\"registry.terraform.io/hashicorp/aws\"]",
      "instances": [
        {
          "index_key": 0,
          "schema_version": 0,
          "attributes": {
            "arn": "arn:aws:ec2:us-west-1:338430314199:network-acl/acl-056d6c675689caac3",
            "egress": [
              {
                "action": "allow",
                "cidr_block": "0.0.0.0/0",
                "from_port": 0,
                "icmp_code": null,
                "icmp_type": null,
                "ipv6_cidr_block": "",
                "protocol": "-1",
                "rule_no": 100,
                "to_port": 0
              }
            ],
            "id": "acl-056d6c675689caac3",
            "ingress": [
              {
                "action": "allow",
                "cidr_block": "0.0.0.0/0",
                "from_port": 0,
                "icmp_code": null,
                "icmp_type": null,
                "ipv6_cidr_block": "",
                "protocol": "-1",
                "rule_no": 100,
                "to_port": 0
              }
            ],
            "owner_id": "338430314199",
            "subnet_id": null,
            "subnet_ids": [
              "subnet-0130e5bcbc408191a",
              "subnet-0bf3920ef7d5444fc"
            ],
            "tags": {
              "Attributes": "public",
              "Name": "fairwinds-poc-kg4sre-public",
              "Namespace": "fairwinds",
              "Stage": "poc",
              "cpco.io/subnet/type": "public"
            },
            "vpc_id": "vpc-0efb2781140cb0511"
          },
          "private": "bnVsbA==",
          "dependencies": [
            "module.subnets.aws_subnet.public",
            "module.subnets.data.aws_availability_zones.available",
            "module.subnets.data.aws_vpc.default",
            "module.vpc.aws_vpc.default"
          ]
        }
      ]
    },
    {
      "module": "module.subnets",
      "mode": "managed",
      "type": "aws_route",
      "name": "public",
      "provider": "provider[\"registry.terraform.io/hashicorp/aws\"]",
      "instances": [
        {
          "index_key": 0,
          "schema_version": 0,
          "attributes": {
            "destination_cidr_block": "0.0.0.0/0",
            "destination_ipv6_cidr_block": "",
            "destination_prefix_list_id": "",
            "egress_only_gateway_id": "",
            "gateway_id": "igw-02efa4a6057975bbf",
            "id": "r-rtb-061f01de355e8efeb1080289494",
            "instance_id": "",
            "instance_owner_id": "",
            "nat_gateway_id": "",
            "network_interface_id": "",
            "origin": "CreateRoute",
            "route_table_id": "rtb-061f01de355e8efeb",
            "state": "active",
            "timeouts": {
              "create": "2m",
              "delete": "5m"
            },
            "transit_gateway_id": "",
            "vpc_peering_connection_id": ""
          },
          "private": "eyJlMmJmYjczMC1lY2FhLTExZTYtOGY4OC0zNDM2M2JjN2M0YzAiOnsiY3JlYXRlIjoxMjAwMDAwMDAwMDAsImRlbGV0ZSI6MzAwMDAwMDAwMDAwfX0=",
          "dependencies": [
            "module.subnets.aws_route_table.public",
            "module.subnets.data.aws_vpc.default",
            "module.vpc.aws_internet_gateway.default",
            "module.vpc.aws_vpc.default"
          ]
        }
      ]
    },
    {
      "module": "module.subnets",
      "mode": "managed",
      "type": "aws_route_table",
      "name": "private",
      "provider": "provider[\"registry.terraform.io/hashicorp/aws\"]",
      "instances": [
        {
          "index_key": 0,
          "schema_version": 0,
          "attributes": {
            "id": "rtb-07b070c220d71a13b",
            "owner_id": "338430314199",
            "propagating_vgws": [],
            "route": [],
            "tags": {
              "Attributes": "private",
              "Name": "fairwinds-poc-kg4sre-private-us-west-1b",
              "Namespace": "fairwinds",
              "Stage": "poc",
              "cpco.io/subnet/type": "private"
            },
            "vpc_id": "vpc-0efb2781140cb0511"
          },
          "private": "bnVsbA==",
          "dependencies": [
            "module.subnets.data.aws_vpc.default",
            "module.vpc.aws_vpc.default"
          ]
        },
        {
          "index_key": 1,
          "schema_version": 0,
          "attributes": {
            "id": "rtb-01e1f639968a8cab5",
            "owner_id": "338430314199",
            "propagating_vgws": [],
            "route": [],
            "tags": {
              "Attributes": "private",
              "Name": "fairwinds-poc-kg4sre-private-us-west-1c",
              "Namespace": "fairwinds",
              "Stage": "poc",
              "cpco.io/subnet/type": "private"
            },
            "vpc_id": "vpc-0efb2781140cb0511"
          },
          "private": "bnVsbA==",
          "dependencies": [
            "module.subnets.data.aws_vpc.default",
            "module.vpc.aws_vpc.default"
          ]
        }
      ]
    },
    {
      "module": "module.subnets",
      "mode": "managed",
      "type": "aws_route_table",
      "name": "public",
      "provider": "provider[\"registry.terraform.io/hashicorp/aws\"]",
      "instances": [
        {
          "index_key": 0,
          "schema_version": 0,
          "attributes": {
            "id": "rtb-061f01de355e8efeb",
            "owner_id": "338430314199",
            "propagating_vgws": [],
            "route": [],
            "tags": {
              "Attributes": "public",
              "Name": "fairwinds-poc-kg4sre-public",
              "Namespace": "fairwinds",
              "Stage": "poc",
              "cpco.io/subnet/type": "public"
            },
            "vpc_id": "vpc-0efb2781140cb0511"
          },
          "private": "bnVsbA==",
          "dependencies": [
            "module.subnets.data.aws_vpc.default",
            "module.vpc.aws_vpc.default"
          ]
        }
      ]
    },
    {
      "module": "module.subnets",
      "mode": "managed",
      "type": "aws_route_table_association",
      "name": "private",
      "provider": "provider[\"registry.terraform.io/hashicorp/aws\"]",
      "instances": [
        {
          "index_key": 0,
          "schema_version": 0,
          "attributes": {
            "gateway_id": null,
            "id": "rtbassoc-0f479e1c934c96c72",
            "route_table_id": "rtb-07b070c220d71a13b",
            "subnet_id": "subnet-008425c6a7d380aa1"
          },
          "private": "bnVsbA==",
          "dependencies": [
            "module.subnets.aws_route_table.private",
            "module.subnets.aws_subnet.private",
            "module.subnets.data.aws_availability_zones.available",
            "module.subnets.data.aws_vpc.default",
            "module.vpc.aws_vpc.default"
          ]
        },
        {
          "index_key": 1,
          "schema_version": 0,
          "attributes": {
            "gateway_id": null,
            "id": "rtbassoc-083de8492315fc9a0",
            "route_table_id": "rtb-01e1f639968a8cab5",
            "subnet_id": "subnet-04bb5724d356c4e98"
          },
          "private": "bnVsbA==",
          "dependencies": [
            "module.subnets.aws_route_table.private",
            "module.subnets.aws_subnet.private",
            "module.subnets.data.aws_availability_zones.available",
            "module.subnets.data.aws_vpc.default",
            "module.vpc.aws_vpc.default"
          ]
        }
      ]
    },
    {
      "module": "module.subnets",
      "mode": "managed",
      "type": "aws_route_table_association",
      "name": "public",
      "provider": "provider[\"registry.terraform.io/hashicorp/aws\"]",
      "instances": [
        {
          "index_key": 0,
          "schema_version": 0,
          "attributes": {
            "gateway_id": null,
            "id": "rtbassoc-0c8dba29736bfe2fe",
            "route_table_id": "rtb-061f01de355e8efeb",
            "subnet_id": "subnet-0bf3920ef7d5444fc"
          },
          "private": "bnVsbA==",
          "dependencies": [
            "module.subnets.aws_route_table.public",
            "module.subnets.aws_subnet.public",
            "module.subnets.data.aws_availability_zones.available",
            "module.subnets.data.aws_vpc.default",
            "module.vpc.aws_vpc.default"
          ]
        },
        {
          "index_key": 1,
          "schema_version": 0,
          "attributes": {
            "gateway_id": null,
            "id": "rtbassoc-0b268fdb17fcb8208",
            "route_table_id": "rtb-061f01de355e8efeb",
            "subnet_id": "subnet-0130e5bcbc408191a"
          },
          "private": "bnVsbA==",
          "dependencies": [
            "module.subnets.aws_route_table.public",
            "module.subnets.aws_subnet.public",
            "module.subnets.data.aws_availability_zones.available",
            "module.subnets.data.aws_vpc.default",
            "module.vpc.aws_vpc.default"
          ]
        }
      ]
    },
    {
      "module": "module.ec2_instance",
      "mode": "managed",
      "type": "aws_security_group",
      "name": "default",
      "provider": "provider[\"registry.terraform.io/hashicorp/aws\"]",
      "instances": [
        {
          "index_key": 0,
          "schema_version": 1,
          "attributes": {
            "arn": "arn:aws:ec2:us-west-1:338430314199:security-group/sg-0b8adf49754163e8e",
            "description": "Instance default security group (only egress access is allowed)",
            "egress": [],
            "id": "sg-0b8adf49754163e8e",
            "ingress": [],
            "name": "fairwinds-poc-kg4sre",
            "name_prefix": null,
            "owner_id": "338430314199",
            "revoke_rules_on_delete": false,
            "tags": {
              "Name": "fairwinds-poc-kg4sre",
              "Namespace": "fairwinds",
              "Stage": "poc"
            },
            "timeouts": null,
            "vpc_id": "vpc-0efb2781140cb0511"
          },
          "private": "eyJlMmJmYjczMC1lY2FhLTExZTYtOGY4OC0zNDM2M2JjN2M0YzAiOnsiY3JlYXRlIjo2MDAwMDAwMDAwMDAsImRlbGV0ZSI6NjAwMDAwMDAwMDAwfSwic2NoZW1hX3ZlcnNpb24iOiIxIn0=",
          "dependencies": [
            "module.vpc.aws_vpc.default"
          ],
          "create_before_destroy": true
        }
      ]
    },
    {
      "module": "module.ec2_instance",
      "mode": "managed",
      "type": "aws_security_group_rule",
      "name": "egress",
      "provider": "provider[\"registry.terraform.io/hashicorp/aws\"]",
      "instances": [
        {
          "index_key": 0,
          "schema_version": 2,
          "attributes": {
            "cidr_blocks": [
              "0.0.0.0/0"
            ],
            "description": null,
            "from_port": 0,
            "id": "sgrule-2129115245",
            "ipv6_cidr_blocks": null,
            "prefix_list_ids": null,
            "protocol": "-1",
            "security_group_id": "sg-0b8adf49754163e8e",
            "self": false,
            "source_security_group_id": null,
            "to_port": 65535,
            "type": "egress"
          },
          "private": "eyJzY2hlbWFfdmVyc2lvbiI6IjIifQ==",
          "dependencies": [
            "module.ec2_instance.aws_security_group.default",
            "module.vpc.aws_vpc.default"
          ]
        }
      ]
    },
    {
      "module": "module.ec2_instance",
      "mode": "managed",
      "type": "aws_security_group_rule",
      "name": "ingress_tcp",
      "provider": "provider[\"registry.terraform.io/hashicorp/aws\"]",
      "instances": [
        {
          "index_key": 0,
          "schema_version": 2,
          "attributes": {
            "cidr_blocks": [
              "0.0.0.0/0"
            ],
            "description": null,
            "from_port": 22,
            "id": "sgrule-1486805175",
            "ipv6_cidr_blocks": null,
            "prefix_list_ids": null,
            "protocol": "tcp",
            "security_group_id": "sg-0b8adf49754163e8e",
            "self": false,
            "source_security_group_id": null,
            "to_port": 22,
            "type": "ingress"
          },
          "private": "eyJzY2hlbWFfdmVyc2lvbiI6IjIifQ==",
          "dependencies": [
            "module.ec2_instance.aws_security_group.default",
            "module.vpc.aws_vpc.default"
          ]
        },
        {
          "index_key": 1,
          "schema_version": 2,
          "attributes": {
            "cidr_blocks": [
              "0.0.0.0/0"
            ],
            "description": null,
            "from_port": 80,
            "id": "sgrule-3994322178",
            "ipv6_cidr_blocks": null,
            "prefix_list_ids": null,
            "protocol": "tcp",
            "security_group_id": "sg-0b8adf49754163e8e",
            "self": false,
            "source_security_group_id": null,
            "to_port": 80,
            "type": "ingress"
          },
          "private": "eyJzY2hlbWFfdmVyc2lvbiI6IjIifQ==",
          "dependencies": [
            "module.ec2_instance.aws_security_group.default",
            "module.vpc.aws_vpc.default"
          ]
        }
      ]
    },
    {
      "module": "module.subnets",
      "mode": "managed",
      "type": "aws_subnet",
      "name": "private",
      "provider": "provider[\"registry.terraform.io/hashicorp/aws\"]",
      "instances": [
        {
          "index_key": 0,
          "schema_version": 1,
          "attributes": {
            "arn": "arn:aws:ec2:us-west-1:338430314199:subnet/subnet-008425c6a7d380aa1",
            "assign_ipv6_address_on_creation": false,
            "availability_zone": "us-west-1b",
            "availability_zone_id": "usw1-az3",
            "cidr_block": "172.16.0.0/18",
            "id": "subnet-008425c6a7d380aa1",
            "ipv6_cidr_block": "",
            "ipv6_cidr_block_association_id": "",
            "map_public_ip_on_launch": false,
            "outpost_arn": "",
            "owner_id": "338430314199",
            "tags": {
              "Attributes": "private",
              "Name": "fairwinds-poc-kg4sre-private-us-west-1b",
              "Namespace": "fairwinds",
              "Stage": "poc",
              "cpco.io/subnet/type": "private"
            },
            "timeouts": null,
            "vpc_id": "vpc-0efb2781140cb0511"
          },
          "private": "eyJlMmJmYjczMC1lY2FhLTExZTYtOGY4OC0zNDM2M2JjN2M0YzAiOnsiY3JlYXRlIjo2MDAwMDAwMDAwMDAsImRlbGV0ZSI6MTIwMDAwMDAwMDAwMH0sInNjaGVtYV92ZXJzaW9uIjoiMSJ9",
          "dependencies": [
            "module.subnets.data.aws_availability_zones.available",
            "module.subnets.data.aws_vpc.default",
            "module.vpc.aws_vpc.default"
          ]
        },
        {
          "index_key": 1,
          "schema_version": 1,
          "attributes": {
            "arn": "arn:aws:ec2:us-west-1:338430314199:subnet/subnet-04bb5724d356c4e98",
            "assign_ipv6_address_on_creation": false,
            "availability_zone": "us-west-1c",
            "availability_zone_id": "usw1-az1",
            "cidr_block": "172.16.64.0/18",
            "id": "subnet-04bb5724d356c4e98",
            "ipv6_cidr_block": "",
            "ipv6_cidr_block_association_id": "",
            "map_public_ip_on_launch": false,
            "outpost_arn": "",
            "owner_id": "338430314199",
            "tags": {
              "Attributes": "private",
              "Name": "fairwinds-poc-kg4sre-private-us-west-1c",
              "Namespace": "fairwinds",
              "Stage": "poc",
              "cpco.io/subnet/type": "private"
            },
            "timeouts": null,
            "vpc_id": "vpc-0efb2781140cb0511"
          },
          "private": "eyJlMmJmYjczMC1lY2FhLTExZTYtOGY4OC0zNDM2M2JjN2M0YzAiOnsiY3JlYXRlIjo2MDAwMDAwMDAwMDAsImRlbGV0ZSI6MTIwMDAwMDAwMDAwMH0sInNjaGVtYV92ZXJzaW9uIjoiMSJ9",
          "dependencies": [
            "module.subnets.data.aws_availability_zones.available",
            "module.subnets.data.aws_vpc.default",
            "module.vpc.aws_vpc.default"
          ]
        }
      ]
    },
    {
      "module": "module.subnets",
      "mode": "managed",
      "type": "aws_subnet",
      "name": "public",
      "provider": "provider[\"registry.terraform.io/hashicorp/aws\"]",
      "instances": [
        {
          "index_key": 0,
          "schema_version": 1,
          "attributes": {
            "arn": "arn:aws:ec2:us-west-1:338430314199:subnet/subnet-0bf3920ef7d5444fc",
            "assign_ipv6_address_on_creation": false,
            "availability_zone": "us-west-1b",
            "availability_zone_id": "usw1-az3",
            "cidr_block": "172.16.128.0/18",
            "id": "subnet-0bf3920ef7d5444fc",
            "ipv6_cidr_block": "",
            "ipv6_cidr_block_association_id": "",
            "map_public_ip_on_launch": true,
            "outpost_arn": "",
            "owner_id": "338430314199",
            "tags": {
              "Attributes": "public",
              "Name": "fairwinds-poc-kg4sre-public-us-west-1b",
              "Namespace": "fairwinds",
              "Stage": "poc",
              "cpco.io/subnet/type": "public"
            },
            "timeouts": null,
            "vpc_id": "vpc-0efb2781140cb0511"
          },
          "private": "eyJlMmJmYjczMC1lY2FhLTExZTYtOGY4OC0zNDM2M2JjN2M0YzAiOnsiY3JlYXRlIjo2MDAwMDAwMDAwMDAsImRlbGV0ZSI6MTIwMDAwMDAwMDAwMH0sInNjaGVtYV92ZXJzaW9uIjoiMSJ9",
          "dependencies": [
            "module.subnets.data.aws_availability_zones.available",
            "module.subnets.data.aws_vpc.default",
            "module.vpc.aws_vpc.default"
          ]
        },
        {
          "index_key": 1,
          "schema_version": 1,
          "attributes": {
            "arn": "arn:aws:ec2:us-west-1:338430314199:subnet/subnet-0130e5bcbc408191a",
            "assign_ipv6_address_on_creation": false,
            "availability_zone": "us-west-1c",
            "availability_zone_id": "usw1-az1",
            "cidr_block": "172.16.192.0/18",
            "id": "subnet-0130e5bcbc408191a",
            "ipv6_cidr_block": "",
            "ipv6_cidr_block_association_id": "",
            "map_public_ip_on_launch": true,
            "outpost_arn": "",
            "owner_id": "338430314199",
            "tags": {
              "Attributes": "public",
              "Name": "fairwinds-poc-kg4sre-public-us-west-1c",
              "Namespace": "fairwinds",
              "Stage": "poc",
              "cpco.io/subnet/type": "public"
            },
            "timeouts": null,
            "vpc_id": "vpc-0efb2781140cb0511"
          },
          "private": "eyJlMmJmYjczMC1lY2FhLTExZTYtOGY4OC0zNDM2M2JjN2M0YzAiOnsiY3JlYXRlIjo2MDAwMDAwMDAwMDAsImRlbGV0ZSI6MTIwMDAwMDAwMDAwMH0sInNjaGVtYV92ZXJzaW9uIjoiMSJ9",
          "dependencies": [
            "module.subnets.data.aws_availability_zones.available",
            "module.subnets.data.aws_vpc.default",
            "module.vpc.aws_vpc.default"
          ]
        }
      ]
    },
    {
      "module": "module.vpc",
      "mode": "managed",
      "type": "aws_vpc",
      "name": "default",
      "provider": "provider[\"registry.terraform.io/hashicorp/aws\"]",
      "instances": [
        {
          "index_key": 0,
          "schema_version": 1,
          "attributes": {
            "arn": "arn:aws:ec2:us-west-1:338430314199:vpc/vpc-0efb2781140cb0511",
            "assign_generated_ipv6_cidr_block": true,
            "cidr_block": "172.16.0.0/16",
            "default_network_acl_id": "acl-0fbd11f372b5aa899",
            "default_route_table_id": "rtb-057b77e45f4085c87",
            "default_security_group_id": "sg-0d4a37de1ec70f6ef",
            "dhcp_options_id": "dopt-bcc25ad9",
            "enable_classiclink": false,
            "enable_classiclink_dns_support": false,
            "enable_dns_hostnames": true,
            "enable_dns_support": true,
            "id": "vpc-0efb2781140cb0511",
            "instance_tenancy": "default",
            "ipv6_association_id": "vpc-cidr-assoc-01f70165e87714c47",
            "ipv6_cidr_block": "2600:1f1c:dfe:c00::/56",
            "main_route_table_id": "rtb-057b77e45f4085c87",
            "owner_id": "338430314199",
            "tags": {
              "Name": "fairwinds-poc-kg4sre",
              "Namespace": "fairwinds",
              "Stage": "poc"
            }
          },
          "private": "eyJzY2hlbWFfdmVyc2lvbiI6IjEifQ==",
          "create_before_destroy": true
        }
      ]
    },
    {
      "module": "module.aws_key_pair",
      "mode": "managed",
      "type": "local_file",
      "name": "private_key_pem",
      "provider": "provider[\"registry.terraform.io/hashicorp/local\"]",
      "instances": [
        {
          "index_key": 0,
          "schema_version": 0,
          "attributes": {
            "content": null,
            "content_base64": null,
            "directory_permission": "0777",
            "file_permission": "0600",
            "filename": "./secrets/fairwinds-poc-kg4sre",
            "id": "a2a3a2b83fa258fc4ed159e0cc191a2ce8d80dde",
            "sensitive_content": "-----BEGIN RSA PRIVATE KEY-----\nMIIEpAIBAAKCAQEAo8XnLdjtykGiieCru1dqJ8KKC8k9q0NqxZP/able4gxk+9bO\nuN3p4NK3vJg8KlGxyZjzCiyDoq/VD+b/DSR+bEPjBD4v61RImaOc0/fVxvbgVeJn\nsSo/NLNXUMw/MrNIieI4YdcSyZG499FcJsnKKE5VAW/eBVsFKHw6QZu1XU/giE1v\nQpn81JBiPMMFwPhNYua0MhsDDA0g8EMuzsrCINxWSCTNUXWMphNNxJAkArLtK1ny\nbURi+EMtdC+19QZtPighoHct1FAeJtXcOM3farAIphPqEeVP6Amqq/nLo+ODhp6L\nl9zomA/tuiO5Z6AqbgORwlOT1XasRFXflaDjJwIDAQABAoIBAHeasojDInZRlNjI\n4eJBpt8+rf6Ji6Yl6DY/LYsSu/6uOpnJeNN+Da4JdfIf4+CsJQEr2GMXu1L2ws2I\nT8BTZJjAw2x31hsxRIwf9wq+trtF1PQkEsJKLjrYtu3lHEp0sIcyVSbvIWNgLwud\nNIWHXUIuYtpXznduz8ePYiRECSIJZlbMjMzt1sPu2bT7wmlPF3Oku2yrZKHWk13q\nBNGTpagxY2XSQkOuFyzKuByajZymwg5LOP7AMW+28041X/+Q+RMnJexmlLusnWgQ\n280Msh6qLMln5ey8pvpYdAw6cDd2qdlExhx4QNqGZuO7s3ycX57RLBy3QAVkmuny\ncCtrNJECgYEAwe4D6pDcvenkqi9RwOageMJjcV3PXvnBrFa+hMZbRPPfX1pesAB+\nL4HD4r1UPGYT1jhkx+vJB4qwoHAMKww4AtecpuyYzUum7NWCA9DCpceLOB4hOKZs\ntOpeymfpdFsj1OqDwbX0L/pDAnyBMik09xFwVSWN2b79EO4EUdhsR+MCgYEA2DDx\n5dyccDum/hxeQ0vKuj5EQhrk4pzaHB5iK/oIxsOfpzSEjK/9VBOPAmk9f1vmapCv\nL/NvZXvtJFB2F/BtqirPKrWvPPlnjuUkoKxgVpk/QvPyDgYkXWEMsO/UaV/BE4/M\nnXtD7lWus6q8Fq8S9NQtxEnT9hNTnlyRv47IMu0CgYAuVhuTcVd8/STI0ROcnr5a\n/D9ceAizbcOr1PIisW5fVFHb67DSJtv/p+bRB2HYKJ+2wLS73AeliKrZOsx9gKbl\nbvUcIU4FR30z+3PcS4YmrD4Eg5Z2fbVdqN5LSHbMeXZfSkV/BGW7DPXz4yHPhW8F\nVaJcheOV0n+PCv/3Olns9wKBgQDAteh7AMtGVDZIX5s7G62LlQOddYG/6xeVZxQV\npVz7aNfA4VSiYCJONt0Mxij2hUIAjhZLhREwgmZiL4MFVeE7hcuDg87AaIWCYAnl\nW6LIrvQwR2nmTF1QC7mXY0GR6LQgLtezLXThV+lR6IifI9KfASAGz9Ssjo/EIzoc\najdVBQKBgQC9LidGyYDF2O7W2Clo8KzH6nZNMbfb3p1n9pNMwdnSkreVNbxCcwkd\nQQ27YAW8U06WmhBNdLA0zfrX9A+d7qdXEmJL192ZwV9XcYtcFtSjksGW9ZBihMTb\n8CY8NCXqt/5+gdaf1BMhP0KoSRgpl/nAJZPyWGSIv6lPOjZKYNS4Cw==\n-----END RSA PRIVATE KEY-----\n"
          },
          "private": "bnVsbA==",
          "dependencies": [
            "module.aws_key_pair.tls_private_key.default"
          ]
        }
      ]
    },
    {
      "module": "module.aws_key_pair",
      "mode": "managed",
      "type": "local_file",
      "name": "public_key_openssh",
      "provider": "provider[\"registry.terraform.io/hashicorp/local\"]",
      "instances": [
        {
          "index_key": 0,
          "schema_version": 0,
          "attributes": {
            "content": "ssh-rsa AAAAB3NzaC1yc2EAAAADAQABAAABAQCjxect2O3KQaKJ4Ku7V2onwooLyT2rQ2rFk/9puV7iDGT71s643eng0re8mDwqUbHJmPMKLIOir9UP5v8NJH5sQ+MEPi/rVEiZo5zT99XG9uBV4mexKj80s1dQzD8ys0iJ4jhh1xLJkbj30VwmycooTlUBb94FWwUofDpBm7VdT+CITW9CmfzUkGI8wwXA+E1i5rQyGwMMDSDwQy7OysIg3FZIJM1RdYymE03EkCQCsu0rWfJtRGL4Qy10L7X1Bm0+KCGgdy3UUB4m1dw4zd9qsAimE+oR5U/oCaqr+cuj44OGnouX3OiYD+26I7lnoCpuA5HCU5PVdqxEVd+VoOMn\n",
            "content_base64": null,
            "directory_permission": "0777",
            "file_permission": "0777",
            "filename": "./secrets/fairwinds-poc-kg4sre.pub",
            "id": "fc49985e54f9f3418a28341bf0ffb0acc40b0848",
            "sensitive_content": null
          },
          "private": "bnVsbA==",
          "dependencies": [
            "module.aws_key_pair.tls_private_key.default"
          ]
        }
      ]
    },
    {
      "module": "module.aws_key_pair",
      "mode": "managed",
      "type": "tls_private_key",
      "name": "default",
      "provider": "provider[\"registry.terraform.io/hashicorp/tls\"]",
      "instances": [
        {
          "index_key": 0,
          "schema_version": 0,
          "attributes": {
            "algorithm": "RSA",
            "ecdsa_curve": "P224",
            "id": "4e53112316b02b0d169f3b62b5d66347aa98a50d",
            "private_key_pem": "-----BEGIN RSA PRIVATE KEY-----\nMIIEpAIBAAKCAQEAo8XnLdjtykGiieCru1dqJ8KKC8k9q0NqxZP/able4gxk+9bO\nuN3p4NK3vJg8KlGxyZjzCiyDoq/VD+b/DSR+bEPjBD4v61RImaOc0/fVxvbgVeJn\nsSo/NLNXUMw/MrNIieI4YdcSyZG499FcJsnKKE5VAW/eBVsFKHw6QZu1XU/giE1v\nQpn81JBiPMMFwPhNYua0MhsDDA0g8EMuzsrCINxWSCTNUXWMphNNxJAkArLtK1ny\nbURi+EMtdC+19QZtPighoHct1FAeJtXcOM3farAIphPqEeVP6Amqq/nLo+ODhp6L\nl9zomA/tuiO5Z6AqbgORwlOT1XasRFXflaDjJwIDAQABAoIBAHeasojDInZRlNjI\n4eJBpt8+rf6Ji6Yl6DY/LYsSu/6uOpnJeNN+Da4JdfIf4+CsJQEr2GMXu1L2ws2I\nT8BTZJjAw2x31hsxRIwf9wq+trtF1PQkEsJKLjrYtu3lHEp0sIcyVSbvIWNgLwud\nNIWHXUIuYtpXznduz8ePYiRECSIJZlbMjMzt1sPu2bT7wmlPF3Oku2yrZKHWk13q\nBNGTpagxY2XSQkOuFyzKuByajZymwg5LOP7AMW+28041X/+Q+RMnJexmlLusnWgQ\n280Msh6qLMln5ey8pvpYdAw6cDd2qdlExhx4QNqGZuO7s3ycX57RLBy3QAVkmuny\ncCtrNJECgYEAwe4D6pDcvenkqi9RwOageMJjcV3PXvnBrFa+hMZbRPPfX1pesAB+\nL4HD4r1UPGYT1jhkx+vJB4qwoHAMKww4AtecpuyYzUum7NWCA9DCpceLOB4hOKZs\ntOpeymfpdFsj1OqDwbX0L/pDAnyBMik09xFwVSWN2b79EO4EUdhsR+MCgYEA2DDx\n5dyccDum/hxeQ0vKuj5EQhrk4pzaHB5iK/oIxsOfpzSEjK/9VBOPAmk9f1vmapCv\nL/NvZXvtJFB2F/BtqirPKrWvPPlnjuUkoKxgVpk/QvPyDgYkXWEMsO/UaV/BE4/M\nnXtD7lWus6q8Fq8S9NQtxEnT9hNTnlyRv47IMu0CgYAuVhuTcVd8/STI0ROcnr5a\n/D9ceAizbcOr1PIisW5fVFHb67DSJtv/p+bRB2HYKJ+2wLS73AeliKrZOsx9gKbl\nbvUcIU4FR30z+3PcS4YmrD4Eg5Z2fbVdqN5LSHbMeXZfSkV/BGW7DPXz4yHPhW8F\nVaJcheOV0n+PCv/3Olns9wKBgQDAteh7AMtGVDZIX5s7G62LlQOddYG/6xeVZxQV\npVz7aNfA4VSiYCJONt0Mxij2hUIAjhZLhREwgmZiL4MFVeE7hcuDg87AaIWCYAnl\nW6LIrvQwR2nmTF1QC7mXY0GR6LQgLtezLXThV+lR6IifI9KfASAGz9Ssjo/EIzoc\najdVBQKBgQC9LidGyYDF2O7W2Clo8KzH6nZNMbfb3p1n9pNMwdnSkreVNbxCcwkd\nQQ27YAW8U06WmhBNdLA0zfrX9A+d7qdXEmJL192ZwV9XcYtcFtSjksGW9ZBihMTb\n8CY8NCXqt/5+gdaf1BMhP0KoSRgpl/nAJZPyWGSIv6lPOjZKYNS4Cw==\n-----END RSA PRIVATE KEY-----\n",
            "public_key_fingerprint_md5": "45:26:95:fd:70:6b:97:79:bd:c8:f1:3d:13:98:ac:78",
            "public_key_openssh": "ssh-rsa AAAAB3NzaC1yc2EAAAADAQABAAABAQCjxect2O3KQaKJ4Ku7V2onwooLyT2rQ2rFk/9puV7iDGT71s643eng0re8mDwqUbHJmPMKLIOir9UP5v8NJH5sQ+MEPi/rVEiZo5zT99XG9uBV4mexKj80s1dQzD8ys0iJ4jhh1xLJkbj30VwmycooTlUBb94FWwUofDpBm7VdT+CITW9CmfzUkGI8wwXA+E1i5rQyGwMMDSDwQy7OysIg3FZIJM1RdYymE03EkCQCsu0rWfJtRGL4Qy10L7X1Bm0+KCGgdy3UUB4m1dw4zd9qsAimE+oR5U/oCaqr+cuj44OGnouX3OiYD+26I7lnoCpuA5HCU5PVdqxEVd+VoOMn\n",
            "public_key_pem": "-----BEGIN PUBLIC KEY-----\nMIIBIjANBgkqhkiG9w0BAQEFAAOCAQ8AMIIBCgKCAQEAo8XnLdjtykGiieCru1dq\nJ8KKC8k9q0NqxZP/able4gxk+9bOuN3p4NK3vJg8KlGxyZjzCiyDoq/VD+b/DSR+\nbEPjBD4v61RImaOc0/fVxvbgVeJnsSo/NLNXUMw/MrNIieI4YdcSyZG499FcJsnK\nKE5VAW/eBVsFKHw6QZu1XU/giE1vQpn81JBiPMMFwPhNYua0MhsDDA0g8EMuzsrC\nINxWSCTNUXWMphNNxJAkArLtK1nybURi+EMtdC+19QZtPighoHct1FAeJtXcOM3f\narAIphPqEeVP6Amqq/nLo+ODhp6Ll9zomA/tuiO5Z6AqbgORwlOT1XasRFXflaDj\nJwIDAQAB\n-----END PUBLIC KEY-----\n",
            "rsa_bits": 2048
          },
          "private": "bnVsbA=="
        }
      ]
    }
  ]
}
