{
  "version": 4,
  "terraform_version": "0.13.0",
  "serial": 780,
  "lineage": "663bb148-9013-34bd-388b-3951699401ad",
  "outputs": {
    "additional_eni_ids": {
      "value": {},
      "type": [
        "object",
        {}
      ]
    },
    "arn": {
      "value": "arn:aws:ec2:us-west-1:338430314199:instance/i-05c71835011cd6f20",
      "type": "string"
    },
    "ebs_ids": {
      "value": [],
      "type": [
        "tuple",
        []
      ]
    },
    "id": {
      "value": "i-05c71835011cd6f20",
      "type": "string"
    },
    "key_name": {
      "value": "fairwinds-poc-kg4sre",
      "type": "string"
    },
    "name": {
      "value": "fairwinds-poc-kg4sre",
      "type": "string"
    },
    "primary_network_interface_id": {
      "value": "eni-0bc66c77f38707172",
      "type": "string"
    },
    "private_dns": {
      "value": "ip-172-16-167-137.us-west-1.compute.internal",
      "type": "string"
    },
    "private_ip": {
      "value": "172.16.167.137",
      "type": "string"
    },
    "private_key_filename": {
      "value": "./secrets/fairwinds-poc-kg4sre",
      "type": "string"
    },
    "private_subnet_cidrs": {
      "value": [
        "172.16.0.0/18",
        "172.16.64.0/18"
      ],
      "type": [
        "tuple",
        [
          "string",
          "string"
        ]
      ]
    },
    "public_dns": {
      "value": "ec2-184-169-231-148.us-west-1.compute.amazonaws.com",
      "type": "string"
    },
    "public_ip": {
      "value": "184.169.231.148",
      "type": "string"
    },
    "public_key": {
      "value": "ssh-rsa AAAAB3NzaC1yc2EAAAADAQABAAABAQDMJ4Y9h2Id2j2+IJ4fxy7SGS02DrGGcPqCwKR7KpVcs+sq1i7AqW8RcpXp1zxxaQXiAwi7S/jEPdDHQuZvSKjQCx5QxaTY6tx/Apdzz8IcgmA9r/KMDvyo2gpgAKfPvU6Gq5aHRH1zd0rEtdCocsMXUXTx8lm1qvA1ZdhrbaMBn/XivU/Zk1GRcqxukax5w92d69LmCztGvfiHn8/ttk1JCkHne6K2bOttmcDyRhpmKjmyTXRdkB6ohVozxratKuI8KBrZPiW2UFCw0H1zyfnxXSn+sBEee/vEgVYP5pUl2IwrYCOTkzweYCGXrmlwzw/7JjApN6e+2q7YJOLBhncF\n",
      "type": "string"
    },
    "public_key_filename": {
      "value": "./secrets/fairwinds-poc-kg4sre.pub",
      "type": "string"
    },
    "public_subnet_cidrs": {
      "value": [
        "172.16.128.0/18",
        "172.16.192.0/18"
      ],
      "type": [
        "tuple",
        [
          "string",
          "string"
        ]
      ]
    },
    "security_group_ids": {
      "value": [
        "sg-08de80f9595076bbf",
        "sg-0b600a3767cbcac83"
      ],
      "type": [
        "list",
        "string"
      ]
    },
    "ssh_key_pair": {
      "value": "fairwinds-poc-kg4sre",
      "type": "string"
    },
    "vpc_cidr": {
      "value": "172.16.0.0/16",
      "type": "string"
    }
  },
  "resources": [
    {
      "module": "module.ec2_instance",
      "mode": "data",
      "type": "aws_ami",
      "name": "default",
      "provider": "provider[\"registry.terraform.io/hashicorp/aws\"]",
      "instances": [
        {
          "index_key": 0,
          "schema_version": 0,
          "attributes": {
            "architecture": "x86_64",
            "arn": "arn:aws:ec2:us-west-1::image/ami-07509d53ed1aa0b33",
            "block_device_mappings": [
              {
                "device_name": "/dev/sda1",
                "ebs": {
                  "delete_on_termination": "true",
                  "encrypted": "false",
                  "iops": "0",
                  "snapshot_id": "snap-0fe64f3d34abafdb0",
                  "volume_size": "8",
                  "volume_type": "gp2"
                },
                "no_device": "",
                "virtual_name": ""
              },
              {
                "device_name": "/dev/sdb",
                "ebs": {},
                "no_device": "",
                "virtual_name": "ephemeral0"
              },
              {
                "device_name": "/dev/sdc",
                "ebs": {},
                "no_device": "",
                "virtual_name": "ephemeral1"
              }
            ],
            "creation_date": "2020-12-11T12:22:53.000Z",
            "description": "Canonical, Ubuntu, 18.04 LTS, amd64 bionic image build on 2020-12-11",
            "executable_users": null,
            "filter": [
              {
                "name": "name",
                "values": [
                  "ubuntu/images/hvm-ssd/ubuntu-bionic-18.04-amd64-server-*"
                ]
              },
              {
                "name": "virtualization-type",
                "values": [
                  "hvm"
                ]
              }
            ],
            "hypervisor": "xen",
            "id": "ami-07509d53ed1aa0b33",
            "image_id": "ami-07509d53ed1aa0b33",
            "image_location": "099720109477/ubuntu/images/hvm-ssd/ubuntu-bionic-18.04-amd64-server-20201211.1",
            "image_owner_alias": null,
            "image_type": "machine",
            "kernel_id": null,
            "most_recent": true,
            "name": "ubuntu/images/hvm-ssd/ubuntu-bionic-18.04-amd64-server-20201211.1",
            "name_regex": null,
            "owner_id": "099720109477",
            "owners": [
              "099720109477"
            ],
            "platform": null,
            "product_codes": [],
            "public": true,
            "ramdisk_id": null,
            "root_device_name": "/dev/sda1",
            "root_device_type": "ebs",
            "root_snapshot_id": "snap-0fe64f3d34abafdb0",
            "sriov_net_support": "simple",
            "state": "available",
            "state_reason": {
              "code": "UNSET",
              "message": "UNSET"
            },
            "tags": {},
            "virtualization_type": "hvm"
          }
        }
      ]
    },
    {
      "module": "module.ec2_instance",
      "mode": "data",
      "type": "aws_ami",
      "name": "info",
      "provider": "provider[\"registry.terraform.io/hashicorp/aws\"]",
      "instances": [
        {
          "schema_version": 0,
          "attributes": {
            "architecture": "x86_64",
            "arn": "arn:aws:ec2:us-west-1::image/ami-07509d53ed1aa0b33",
            "block_device_mappings": [
              {
                "device_name": "/dev/sda1",
                "ebs": {
                  "delete_on_termination": "true",
                  "encrypted": "false",
                  "iops": "0",
                  "snapshot_id": "snap-0fe64f3d34abafdb0",
                  "volume_size": "8",
                  "volume_type": "gp2"
                },
                "no_device": "",
                "virtual_name": ""
              },
              {
                "device_name": "/dev/sdb",
                "ebs": {},
                "no_device": "",
                "virtual_name": "ephemeral0"
              },
              {
                "device_name": "/dev/sdc",
                "ebs": {},
                "no_device": "",
                "virtual_name": "ephemeral1"
              }
            ],
            "creation_date": "2020-12-11T12:22:53.000Z",
            "description": "Canonical, Ubuntu, 18.04 LTS, amd64 bionic image build on 2020-12-11",
            "executable_users": null,
            "filter": [
              {
                "name": "image-id",
                "values": [
                  "ami-07509d53ed1aa0b33"
                ]
              }
            ],
            "hypervisor": "xen",
            "id": "ami-07509d53ed1aa0b33",
            "image_id": "ami-07509d53ed1aa0b33",
            "image_location": "099720109477/ubuntu/images/hvm-ssd/ubuntu-bionic-18.04-amd64-server-20201211.1",
            "image_owner_alias": null,
            "image_type": "machine",
            "kernel_id": null,
            "most_recent": false,
            "name": "ubuntu/images/hvm-ssd/ubuntu-bionic-18.04-amd64-server-20201211.1",
            "name_regex": null,
            "owner_id": "099720109477",
            "owners": [
              "099720109477"
            ],
            "platform": null,
            "product_codes": [],
            "public": true,
            "ramdisk_id": null,
            "root_device_name": "/dev/sda1",
            "root_device_type": "ebs",
            "root_snapshot_id": "snap-0fe64f3d34abafdb0",
            "sriov_net_support": "simple",
            "state": "available",
            "state_reason": {
              "code": "UNSET",
              "message": "UNSET"
            },
            "tags": {},
            "virtualization_type": "hvm"
          }
        }
      ]
    },
    {
      "module": "module.subnets",
      "mode": "data",
      "type": "aws_availability_zones",
      "name": "available",
      "provider": "provider[\"registry.terraform.io/hashicorp/aws\"]",
      "instances": [
        {
          "index_key": 0,
          "schema_version": 0,
          "attributes": {
            "all_availability_zones": null,
            "blacklisted_names": null,
            "blacklisted_zone_ids": null,
            "exclude_names": null,
            "exclude_zone_ids": null,
            "filter": null,
            "group_names": [
              "us-west-1"
            ],
            "id": "2020-12-15 19:21:53.731479 +0000 UTC",
            "names": [
              "us-west-1b",
              "us-west-1c"
            ],
            "state": null,
            "zone_ids": [
              "usw1-az3",
              "usw1-az1"
            ]
          }
        }
      ]
    },
    {
      "module": "module.ec2_instance",
      "mode": "data",
      "type": "aws_caller_identity",
      "name": "default",
      "provider": "provider[\"registry.terraform.io/hashicorp/aws\"]",
      "instances": [
        {
          "schema_version": 0,
          "attributes": {
            "account_id": "338430314199",
            "arn": "arn:aws:iam::338430314199:user/kevgibson@gmail.com",
            "id": "2020-12-15 19:21:50.212206 +0000 UTC",
            "user_id": "AIDAU5TAEY3L6OK2DVNN6"
          }
        }
      ]
    },
    {
      "module": "module.ec2_instance",
      "mode": "data",
      "type": "aws_iam_policy_document",
      "name": "default",
      "provider": "provider[\"registry.terraform.io/hashicorp/aws\"]",
      "instances": [
        {
          "schema_version": 0,
          "attributes": {
            "id": "1903849331",
            "json": "{\n  \"Version\": \"2012-10-17\",\n  \"Statement\": [\n    {\n      \"Sid\": \"\",\n      \"Effect\": \"Allow\",\n      \"Action\": \"sts:AssumeRole\",\n      \"Principal\": {\n        \"Service\": \"ec2.amazonaws.com\"\n      }\n    }\n  ]\n}",
            "override_json": null,
            "policy_id": null,
            "source_json": null,
            "statement": [
              {
                "actions": [
                  "sts:AssumeRole"
                ],
                "condition": [],
                "effect": "Allow",
                "not_actions": [],
                "not_principals": [],
                "not_resources": [],
                "principals": [
                  {
                    "identifiers": [
                      "ec2.amazonaws.com"
                    ],
                    "type": "Service"
                  }
                ],
                "resources": [],
                "sid": ""
              }
            ],
            "version": "2012-10-17"
          }
        }
      ]
    },
    {
      "module": "module.ec2_instance",
      "mode": "data",
      "type": "aws_partition",
      "name": "default",
      "provider": "provider[\"registry.terraform.io/hashicorp/aws\"]",
      "instances": [
        {
          "schema_version": 0,
          "attributes": {
            "dns_suffix": "amazonaws.com",
            "id": "2020-12-15 19:21:50.100431 +0000 UTC",
            "partition": "aws"
          }
        }
      ]
    },
    {
      "module": "module.ec2_instance",
      "mode": "data",
      "type": "aws_region",
      "name": "default",
      "provider": "provider[\"registry.terraform.io/hashicorp/aws\"]",
      "instances": [
        {
          "schema_version": 0,
          "attributes": {
            "current": null,
            "description": "US West (N. California)",
            "endpoint": "ec2.us-west-1.amazonaws.com",
            "id": "us-west-1",
            "name": "us-west-1"
          }
        }
      ]
    },
    {
      "module": "module.ec2_instance",
      "mode": "data",
      "type": "aws_subnet",
      "name": "default",
      "provider": "provider[\"registry.terraform.io/hashicorp/aws\"]",
      "instances": [
        {
          "schema_version": 0,
          "attributes": {
            "arn": "arn:aws:ec2:us-west-1:338430314199:subnet/subnet-06763570dc55b36bc",
            "assign_ipv6_address_on_creation": false,
            "availability_zone": "us-west-1b",
            "availability_zone_id": "usw1-az3",
            "cidr_block": "172.16.128.0/18",
            "default_for_az": false,
            "filter": null,
            "id": "subnet-06763570dc55b36bc",
            "ipv6_cidr_block": null,
            "ipv6_cidr_block_association_id": null,
            "map_public_ip_on_launch": true,
            "outpost_arn": "",
            "owner_id": "338430314199",
            "state": "available",
            "tags": {
              "Attributes": "public",
              "Name": "fairwinds-poc-kg4sre-public-us-west-1b",
              "Namespace": "fairwinds",
              "Stage": "poc",
              "cpco.io/subnet/type": "public"
            },
            "vpc_id": "vpc-0bc9a4da889a327e1"
          }
        }
      ]
    },
    {
      "module": "module.subnets",
      "mode": "data",
      "type": "aws_vpc",
      "name": "default",
      "provider": "provider[\"registry.terraform.io/hashicorp/aws\"]",
      "instances": [
        {
          "index_key": 0,
          "schema_version": 0,
          "attributes": {
            "arn": "arn:aws:ec2:us-west-1:338430314199:vpc/vpc-0bc9a4da889a327e1",
            "cidr_block": "172.16.0.0/16",
            "cidr_block_associations": [
              {
                "association_id": "vpc-cidr-assoc-004961339cf3e2e65",
                "cidr_block": "172.16.0.0/16",
                "state": "associated"
              }
            ],
            "default": false,
            "dhcp_options_id": "dopt-bcc25ad9",
            "enable_dns_hostnames": true,
            "enable_dns_support": true,
            "filter": null,
            "id": "vpc-0bc9a4da889a327e1",
            "instance_tenancy": "default",
            "ipv6_association_id": "vpc-cidr-assoc-02b39e18e9cf414fa",
            "ipv6_cidr_block": "2600:1f1c:265:2600::/56",
            "main_route_table_id": "rtb-0d58285bb577343bf",
            "owner_id": "338430314199",
            "state": "available",
            "tags": {
              "Name": "fairwinds-poc-kg4sre",
              "Namespace": "fairwinds",
              "Stage": "poc"
            }
          }
        }
      ]
    },
    {
      "module": "module.ec2_instance",
      "mode": "data",
      "type": "null_data_source",
      "name": "eip",
      "provider": "provider[\"registry.terraform.io/hashicorp/null\"]",
      "instances": [
        {
          "schema_version": 0,
          "attributes": {
            "has_computed_default": "default",
            "id": "static",
            "inputs": {
              "public_dns": "ec2-184-169-231-148.us-west-1.compute.amazonaws.com"
            },
            "outputs": {
              "public_dns": "ec2-184-169-231-148.us-west-1.compute.amazonaws.com"
            },
            "random": "2647883543200977772"
          }
        }
      ]
    },
    {
      "module": "module.vpc",
      "mode": "managed",
      "type": "aws_default_security_group",
      "name": "default",
      "provider": "provider[\"registry.terraform.io/hashicorp/aws\"]",
      "instances": [
        {
          "index_key": 0,
          "schema_version": 1,
          "attributes": {
            "arn": "arn:aws:ec2:us-west-1:338430314199:security-group/sg-0b600a3767cbcac83",
            "description": "default VPC security group",
            "egress": [],
            "id": "sg-0b600a3767cbcac83",
            "ingress": [],
            "name": "default",
            "owner_id": "338430314199",
            "revoke_rules_on_delete": false,
            "tags": {
              "Name": "Default Security Group",
              "Namespace": "fairwinds",
              "Stage": "poc"
            },
            "timeouts": null,
            "vpc_id": "vpc-0bc9a4da889a327e1"
          },
          "private": "eyJlMmJmYjczMC1lY2FhLTExZTYtOGY4OC0zNDM2M2JjN2M0YzAiOnsiY3JlYXRlIjo2MDAwMDAwMDAwMDAsImRlbGV0ZSI6NjAwMDAwMDAwMDAwfSwic2NoZW1hX3ZlcnNpb24iOiIxIn0=",
          "dependencies": [
            "module.vpc.aws_vpc.default"
          ]
        }
      ]
    },
    {
      "module": "module.ec2_instance",
      "mode": "managed",
      "type": "aws_eip",
      "name": "default",
      "provider": "provider[\"registry.terraform.io/hashicorp/aws\"]",
      "instances": [
        {
          "index_key": 0,
          "schema_version": 0,
          "attributes": {
            "allocation_id": null,
            "associate_with_private_ip": null,
            "association_id": "eipassoc-0d50ec43dc3763ffe",
            "customer_owned_ip": "",
            "customer_owned_ipv4_pool": "",
            "domain": "vpc",
            "id": "eipalloc-1eaf7420",
            "instance": "i-05c71835011cd6f20",
            "network_interface": "eni-0bc66c77f38707172",
            "private_dns": "ip-172-16-167-137.us-west-1.compute.internal",
            "private_ip": "172.16.167.137",
            "public_dns": "ec2-184-169-231-148.us-west-1.compute.amazonaws.com",
            "public_ip": "184.169.231.148",
            "public_ipv4_pool": "amazon",
            "tags": {
              "Name": "fairwinds-poc-kg4sre",
              "Namespace": "fairwinds",
              "Stage": "poc"
            },
            "timeouts": null,
            "vpc": true
          },
          "private": "eyJlMmJmYjczMC1lY2FhLTExZTYtOGY4OC0zNDM2M2JjN2M0YzAiOnsiZGVsZXRlIjoxODAwMDAwMDAwMDAsInJlYWQiOjkwMDAwMDAwMDAwMCwidXBkYXRlIjozMDAwMDAwMDAwMDB9fQ==",
          "dependencies": [
            "module.aws_key_pair.aws_key_pair.generated",
            "module.aws_key_pair.aws_key_pair.imported",
            "module.aws_key_pair.tls_private_key.default",
            "module.ec2_instance.aws_instance.default",
            "module.ec2_instance.aws_security_group.default",
            "module.ec2_instance.data.aws_ami.default",
            "module.ec2_instance.data.aws_ami.info",
            "module.ec2_instance.data.aws_subnet.default",
            "module.subnets.aws_subnet.public",
            "module.subnets.data.aws_availability_zones.available",
            "module.subnets.data.aws_vpc.default",
            "module.vpc.aws_vpc.default"
          ]
        }
      ]
    },
    {
      "module": "module.ec2_instance",
      "mode": "managed",
      "type": "aws_instance",
      "name": "default",
      "provider": "provider[\"registry.terraform.io/hashicorp/aws\"]",
      "instances": [
        {
          "index_key": 0,
          "schema_version": 1,
          "attributes": {
            "ami": "ami-07509d53ed1aa0b33",
            "arn": "arn:aws:ec2:us-west-1:338430314199:instance/i-05c71835011cd6f20",
            "associate_public_ip_address": true,
            "availability_zone": "us-west-1b",
            "cpu_core_count": 1,
            "cpu_threads_per_core": 1,
            "credit_specification": [
              {
                "cpu_credits": "standard"
              }
            ],
            "disable_api_termination": false,
            "ebs_block_device": [],
            "ebs_optimized": false,
            "ephemeral_block_device": [],
            "get_password_data": false,
            "hibernation": false,
            "host_id": null,
            "iam_instance_profile": "",
            "id": "i-05c71835011cd6f20",
            "instance_initiated_shutdown_behavior": null,
            "instance_state": "running",
            "instance_type": "t2.micro",
            "ipv6_address_count": 0,
            "ipv6_addresses": [],
            "key_name": "fairwinds-poc-kg4sre",
            "metadata_options": [
              {
                "http_endpoint": "enabled",
                "http_put_response_hop_limit": 1,
                "http_tokens": "optional"
              }
            ],
            "monitoring": false,
            "network_interface": [],
            "network_interface_id": null,
            "outpost_arn": "",
            "password_data": "",
            "placement_group": "",
            "primary_network_interface_id": "eni-0bc66c77f38707172",
            "private_dns": "ip-172-16-167-137.us-west-1.compute.internal",
            "private_ip": "172.16.167.137",
            "public_dns": "ec2-54-67-109-99.us-west-1.compute.amazonaws.com",
            "public_ip": "54.67.109.99",
            "root_block_device": [
              {
                "delete_on_termination": true,
                "device_name": "/dev/sda1",
                "encrypted": false,
                "iops": 100,
                "kms_key_id": "",
                "volume_id": "vol-0a0cc7529f27a3a0c",
                "volume_size": 10,
                "volume_type": "gp2"
              }
            ],
            "security_groups": [],
            "source_dest_check": true,
            "subnet_id": "subnet-06763570dc55b36bc",
            "tags": {
              "Name": "fairwinds-poc-kg4sre",
              "Namespace": "fairwinds",
              "Stage": "poc"
            },
            "tenancy": "default",
            "timeouts": null,
            "user_data": "8881568eab44a757c0cef26b9fca5071d7623219",
            "user_data_base64": null,
            "volume_tags": {},
            "vpc_security_group_ids": [
              "sg-08de80f9595076bbf",
              "sg-0b600a3767cbcac83"
            ]
          },
          "private": "eyJlMmJmYjczMC1lY2FhLTExZTYtOGY4OC0zNDM2M2JjN2M0YzAiOnsiY3JlYXRlIjo2MDAwMDAwMDAwMDAsImRlbGV0ZSI6MTIwMDAwMDAwMDAwMCwidXBkYXRlIjo2MDAwMDAwMDAwMDB9LCJzY2hlbWFfdmVyc2lvbiI6IjEifQ==",
          "dependencies": [
            "module.aws_key_pair.aws_key_pair.generated",
            "module.aws_key_pair.aws_key_pair.imported",
            "module.aws_key_pair.tls_private_key.default",
            "module.ec2_instance.aws_security_group.default",
            "module.ec2_instance.data.aws_ami.default",
            "module.ec2_instance.data.aws_ami.info",
            "module.ec2_instance.data.aws_subnet.default",
            "module.subnets.aws_subnet.public",
            "module.subnets.data.aws_availability_zones.available",
            "module.subnets.data.aws_vpc.default",
            "module.vpc.aws_vpc.default"
          ]
        }
      ]
    },
    {
      "module": "module.vpc",
      "mode": "managed",
      "type": "aws_internet_gateway",
      "name": "default",
      "provider": "provider[\"registry.terraform.io/hashicorp/aws\"]",
      "instances": [
        {
          "index_key": 0,
          "schema_version": 0,
          "attributes": {
            "arn": "arn:aws:ec2:us-west-1:338430314199:internet-gateway/igw-07845c53c28b253ca",
            "id": "igw-07845c53c28b253ca",
            "owner_id": "338430314199",
            "tags": {
              "Name": "fairwinds-poc-kg4sre",
              "Namespace": "fairwinds",
              "Stage": "poc"
            },
            "vpc_id": "vpc-0bc9a4da889a327e1"
          },
          "private": "bnVsbA==",
          "dependencies": [
            "module.vpc.aws_vpc.default"
          ]
        }
      ]
    },
    {
      "module": "module.aws_key_pair",
      "mode": "managed",
      "type": "aws_key_pair",
      "name": "generated",
      "provider": "provider[\"registry.terraform.io/hashicorp/aws\"]",
      "instances": [
        {
          "index_key": 0,
          "schema_version": 1,
          "attributes": {
            "arn": "arn:aws:ec2:us-west-1:338430314199:key-pair/fairwinds-poc-kg4sre",
            "fingerprint": "8b:98:44:8e:72:d8:a5:f1:77:dd:29:7e:39:ed:ad:71",
            "id": "fairwinds-poc-kg4sre",
            "key_name": "fairwinds-poc-kg4sre",
            "key_name_prefix": null,
            "key_pair_id": "key-07f4223f982394ce7",
            "public_key": "ssh-rsa AAAAB3NzaC1yc2EAAAADAQABAAABAQDMJ4Y9h2Id2j2+IJ4fxy7SGS02DrGGcPqCwKR7KpVcs+sq1i7AqW8RcpXp1zxxaQXiAwi7S/jEPdDHQuZvSKjQCx5QxaTY6tx/Apdzz8IcgmA9r/KMDvyo2gpgAKfPvU6Gq5aHRH1zd0rEtdCocsMXUXTx8lm1qvA1ZdhrbaMBn/XivU/Zk1GRcqxukax5w92d69LmCztGvfiHn8/ttk1JCkHne6K2bOttmcDyRhpmKjmyTXRdkB6ohVozxratKuI8KBrZPiW2UFCw0H1zyfnxXSn+sBEee/vEgVYP5pUl2IwrYCOTkzweYCGXrmlwzw/7JjApN6e+2q7YJOLBhncF",
            "tags": null
          },
          "private": "eyJzY2hlbWFfdmVyc2lvbiI6IjEifQ==",
          "dependencies": [
            "module.aws_key_pair.tls_private_key.default"
          ]
        }
      ]
    },
    {
      "module": "module.subnets",
      "mode": "managed",
      "type": "aws_network_acl",
      "name": "private",
      "provider": "provider[\"registry.terraform.io/hashicorp/aws\"]",
      "instances": [
        {
          "index_key": 0,
          "schema_version": 0,
          "attributes": {
            "arn": "arn:aws:ec2:us-west-1:338430314199:network-acl/acl-0b87a8bfbe7334aa5",
            "egress": [
              {
                "action": "allow",
                "cidr_block": "0.0.0.0/0",
                "from_port": 0,
                "icmp_code": null,
                "icmp_type": null,
                "ipv6_cidr_block": "",
                "protocol": "-1",
                "rule_no": 100,
                "to_port": 0
              }
            ],
            "id": "acl-0b87a8bfbe7334aa5",
            "ingress": [
              {
                "action": "allow",
                "cidr_block": "0.0.0.0/0",
                "from_port": 0,
                "icmp_code": null,
                "icmp_type": null,
                "ipv6_cidr_block": "",
                "protocol": "-1",
                "rule_no": 100,
                "to_port": 0
              }
            ],
            "owner_id": "338430314199",
            "subnet_id": null,
            "subnet_ids": [
              "subnet-087173bcde9ca4094",
              "subnet-0b863fe0369ad221d"
            ],
            "tags": {
              "Attributes": "private",
              "Name": "fairwinds-poc-kg4sre-private",
              "Namespace": "fairwinds",
              "Stage": "poc",
              "cpco.io/subnet/type": "private"
            },
            "vpc_id": "vpc-0bc9a4da889a327e1"
          },
          "private": "bnVsbA==",
          "dependencies": [
            "module.subnets.aws_subnet.private",
            "module.subnets.data.aws_availability_zones.available",
            "module.subnets.data.aws_vpc.default",
            "module.vpc.aws_vpc.default"
          ]
        }
      ]
    },
    {
      "module": "module.subnets",
      "mode": "managed",
      "type": "aws_network_acl",
      "name": "public",
      "provider": "provider[\"registry.terraform.io/hashicorp/aws\"]",
      "instances": [
        {
          "index_key": 0,
          "schema_version": 0,
          "attributes": {
            "arn": "arn:aws:ec2:us-west-1:338430314199:network-acl/acl-004119d75e63a7f42",
            "egress": [
              {
                "action": "allow",
                "cidr_block": "0.0.0.0/0",
                "from_port": 0,
                "icmp_code": null,
                "icmp_type": null,
                "ipv6_cidr_block": "",
                "protocol": "-1",
                "rule_no": 100,
                "to_port": 0
              }
            ],
            "id": "acl-004119d75e63a7f42",
            "ingress": [
              {
                "action": "allow",
                "cidr_block": "0.0.0.0/0",
                "from_port": 0,
                "icmp_code": null,
                "icmp_type": null,
                "ipv6_cidr_block": "",
                "protocol": "-1",
                "rule_no": 100,
                "to_port": 0
              }
            ],
            "owner_id": "338430314199",
            "subnet_id": null,
            "subnet_ids": [
              "subnet-06763570dc55b36bc",
              "subnet-0de22a475c9683185"
            ],
            "tags": {
              "Attributes": "public",
              "Name": "fairwinds-poc-kg4sre-public",
              "Namespace": "fairwinds",
              "Stage": "poc",
              "cpco.io/subnet/type": "public"
            },
            "vpc_id": "vpc-0bc9a4da889a327e1"
          },
          "private": "bnVsbA==",
          "dependencies": [
            "module.subnets.aws_subnet.public",
            "module.subnets.data.aws_availability_zones.available",
            "module.subnets.data.aws_vpc.default",
            "module.vpc.aws_vpc.default"
          ]
        }
      ]
    },
    {
      "module": "module.subnets",
      "mode": "managed",
      "type": "aws_route",
      "name": "public",
      "provider": "provider[\"registry.terraform.io/hashicorp/aws\"]",
      "instances": [
        {
          "index_key": 0,
          "schema_version": 0,
          "attributes": {
            "destination_cidr_block": "0.0.0.0/0",
            "destination_ipv6_cidr_block": "",
            "destination_prefix_list_id": "",
            "egress_only_gateway_id": "",
            "gateway_id": "igw-07845c53c28b253ca",
            "id": "r-rtb-072cb5c360fa1fce01080289494",
            "instance_id": "",
            "instance_owner_id": "",
            "nat_gateway_id": "",
            "network_interface_id": "",
            "origin": "CreateRoute",
            "route_table_id": "rtb-072cb5c360fa1fce0",
            "state": "active",
            "timeouts": {
              "create": "2m",
              "delete": "5m"
            },
            "transit_gateway_id": "",
            "vpc_peering_connection_id": ""
          },
          "private": "eyJlMmJmYjczMC1lY2FhLTExZTYtOGY4OC0zNDM2M2JjN2M0YzAiOnsiY3JlYXRlIjoxMjAwMDAwMDAwMDAsImRlbGV0ZSI6MzAwMDAwMDAwMDAwfX0=",
          "dependencies": [
            "module.subnets.aws_route_table.public",
            "module.subnets.data.aws_vpc.default",
            "module.vpc.aws_internet_gateway.default",
            "module.vpc.aws_vpc.default"
          ]
        }
      ]
    },
    {
      "module": "module.subnets",
      "mode": "managed",
      "type": "aws_route_table",
      "name": "private",
      "provider": "provider[\"registry.terraform.io/hashicorp/aws\"]",
      "instances": [
        {
          "index_key": 0,
          "schema_version": 0,
          "attributes": {
            "id": "rtb-0e45bf264ac0e6e5e",
            "owner_id": "338430314199",
            "propagating_vgws": [],
            "route": [],
            "tags": {
              "Attributes": "private",
              "Name": "fairwinds-poc-kg4sre-private-us-west-1b",
              "Namespace": "fairwinds",
              "Stage": "poc",
              "cpco.io/subnet/type": "private"
            },
            "vpc_id": "vpc-0bc9a4da889a327e1"
          },
          "private": "bnVsbA==",
          "dependencies": [
            "module.subnets.data.aws_vpc.default",
            "module.vpc.aws_vpc.default"
          ]
        },
        {
          "index_key": 1,
          "schema_version": 0,
          "attributes": {
            "id": "rtb-086cb6ac6e7e7366b",
            "owner_id": "338430314199",
            "propagating_vgws": [],
            "route": [],
            "tags": {
              "Attributes": "private",
              "Name": "fairwinds-poc-kg4sre-private-us-west-1c",
              "Namespace": "fairwinds",
              "Stage": "poc",
              "cpco.io/subnet/type": "private"
            },
            "vpc_id": "vpc-0bc9a4da889a327e1"
          },
          "private": "bnVsbA==",
          "dependencies": [
            "module.subnets.data.aws_vpc.default",
            "module.vpc.aws_vpc.default"
          ]
        }
      ]
    },
    {
      "module": "module.subnets",
      "mode": "managed",
      "type": "aws_route_table",
      "name": "public",
      "provider": "provider[\"registry.terraform.io/hashicorp/aws\"]",
      "instances": [
        {
          "index_key": 0,
          "schema_version": 0,
          "attributes": {
            "id": "rtb-072cb5c360fa1fce0",
            "owner_id": "338430314199",
            "propagating_vgws": [],
            "route": [],
            "tags": {
              "Attributes": "public",
              "Name": "fairwinds-poc-kg4sre-public",
              "Namespace": "fairwinds",
              "Stage": "poc",
              "cpco.io/subnet/type": "public"
            },
            "vpc_id": "vpc-0bc9a4da889a327e1"
          },
          "private": "bnVsbA==",
          "dependencies": [
            "module.subnets.data.aws_vpc.default",
            "module.vpc.aws_vpc.default"
          ]
        }
      ]
    },
    {
      "module": "module.subnets",
      "mode": "managed",
      "type": "aws_route_table_association",
      "name": "private",
      "provider": "provider[\"registry.terraform.io/hashicorp/aws\"]",
      "instances": [
        {
          "index_key": 0,
          "schema_version": 0,
          "attributes": {
            "gateway_id": null,
            "id": "rtbassoc-0f8a6750f1d3fd0fd",
            "route_table_id": "rtb-0e45bf264ac0e6e5e",
            "subnet_id": "subnet-0b863fe0369ad221d"
          },
          "private": "bnVsbA==",
          "dependencies": [
            "module.subnets.aws_route_table.private",
            "module.subnets.aws_subnet.private",
            "module.subnets.data.aws_availability_zones.available",
            "module.subnets.data.aws_vpc.default",
            "module.vpc.aws_vpc.default"
          ]
        },
        {
          "index_key": 1,
          "schema_version": 0,
          "attributes": {
            "gateway_id": null,
            "id": "rtbassoc-0ebe3beae31a3121a",
            "route_table_id": "rtb-086cb6ac6e7e7366b",
            "subnet_id": "subnet-087173bcde9ca4094"
          },
          "private": "bnVsbA==",
          "dependencies": [
            "module.subnets.aws_route_table.private",
            "module.subnets.aws_subnet.private",
            "module.subnets.data.aws_availability_zones.available",
            "module.subnets.data.aws_vpc.default",
            "module.vpc.aws_vpc.default"
          ]
        }
      ]
    },
    {
      "module": "module.subnets",
      "mode": "managed",
      "type": "aws_route_table_association",
      "name": "public",
      "provider": "provider[\"registry.terraform.io/hashicorp/aws\"]",
      "instances": [
        {
          "index_key": 0,
          "schema_version": 0,
          "attributes": {
            "gateway_id": null,
            "id": "rtbassoc-07e4037fd03096833",
            "route_table_id": "rtb-072cb5c360fa1fce0",
            "subnet_id": "subnet-06763570dc55b36bc"
          },
          "private": "bnVsbA==",
          "dependencies": [
            "module.subnets.aws_route_table.public",
            "module.subnets.aws_subnet.public",
            "module.subnets.data.aws_availability_zones.available",
            "module.subnets.data.aws_vpc.default",
            "module.vpc.aws_vpc.default"
          ]
        },
        {
          "index_key": 1,
          "schema_version": 0,
          "attributes": {
            "gateway_id": null,
            "id": "rtbassoc-006ef9a4aef529d6d",
            "route_table_id": "rtb-072cb5c360fa1fce0",
            "subnet_id": "subnet-0de22a475c9683185"
          },
          "private": "bnVsbA==",
          "dependencies": [
            "module.subnets.aws_route_table.public",
            "module.subnets.aws_subnet.public",
            "module.subnets.data.aws_availability_zones.available",
            "module.subnets.data.aws_vpc.default",
            "module.vpc.aws_vpc.default"
          ]
        }
      ]
    },
    {
      "module": "module.ec2_instance",
      "mode": "managed",
      "type": "aws_security_group",
      "name": "default",
      "provider": "provider[\"registry.terraform.io/hashicorp/aws\"]",
      "instances": [
        {
          "index_key": 0,
          "schema_version": 1,
          "attributes": {
            "arn": "arn:aws:ec2:us-west-1:338430314199:security-group/sg-08de80f9595076bbf",
            "description": "Instance default security group (only egress access is allowed)",
            "egress": [],
            "id": "sg-08de80f9595076bbf",
            "ingress": [],
            "name": "fairwinds-poc-kg4sre",
            "name_prefix": null,
            "owner_id": "338430314199",
            "revoke_rules_on_delete": false,
            "tags": {
              "Name": "fairwinds-poc-kg4sre",
              "Namespace": "fairwinds",
              "Stage": "poc"
            },
            "timeouts": null,
            "vpc_id": "vpc-0bc9a4da889a327e1"
          },
          "private": "eyJlMmJmYjczMC1lY2FhLTExZTYtOGY4OC0zNDM2M2JjN2M0YzAiOnsiY3JlYXRlIjo2MDAwMDAwMDAwMDAsImRlbGV0ZSI6NjAwMDAwMDAwMDAwfSwic2NoZW1hX3ZlcnNpb24iOiIxIn0=",
          "dependencies": [
            "module.vpc.aws_vpc.default"
          ],
          "create_before_destroy": true
        }
      ]
    },
    {
      "module": "module.ec2_instance",
      "mode": "managed",
      "type": "aws_security_group_rule",
      "name": "egress",
      "provider": "provider[\"registry.terraform.io/hashicorp/aws\"]",
      "instances": [
        {
          "index_key": 0,
          "schema_version": 2,
          "attributes": {
            "cidr_blocks": [
              "0.0.0.0/0"
            ],
            "description": null,
            "from_port": 0,
            "id": "sgrule-3722520964",
            "ipv6_cidr_blocks": null,
            "prefix_list_ids": null,
            "protocol": "-1",
            "security_group_id": "sg-08de80f9595076bbf",
            "self": false,
            "source_security_group_id": null,
            "to_port": 65535,
            "type": "egress"
          },
          "private": "eyJzY2hlbWFfdmVyc2lvbiI6IjIifQ==",
          "dependencies": [
            "module.ec2_instance.aws_security_group.default",
            "module.vpc.aws_vpc.default"
          ]
        }
      ]
    },
    {
      "module": "module.ec2_instance",
      "mode": "managed",
      "type": "aws_security_group_rule",
      "name": "ingress_tcp",
      "provider": "provider[\"registry.terraform.io/hashicorp/aws\"]",
      "instances": [
        {
          "index_key": 0,
          "schema_version": 2,
          "attributes": {
            "cidr_blocks": [
              "0.0.0.0/0"
            ],
            "description": null,
            "from_port": 22,
            "id": "sgrule-1818271022",
            "ipv6_cidr_blocks": null,
            "prefix_list_ids": null,
            "protocol": "tcp",
            "security_group_id": "sg-08de80f9595076bbf",
            "self": false,
            "source_security_group_id": null,
            "to_port": 22,
            "type": "ingress"
          },
          "private": "eyJzY2hlbWFfdmVyc2lvbiI6IjIifQ==",
          "dependencies": [
            "module.ec2_instance.aws_security_group.default",
            "module.vpc.aws_vpc.default"
          ]
        },
        {
          "index_key": 1,
          "schema_version": 2,
          "attributes": {
            "cidr_blocks": [
              "0.0.0.0/0"
            ],
            "description": null,
            "from_port": 80,
            "id": "sgrule-3672817819",
            "ipv6_cidr_blocks": null,
            "prefix_list_ids": null,
            "protocol": "tcp",
            "security_group_id": "sg-08de80f9595076bbf",
            "self": false,
            "source_security_group_id": null,
            "to_port": 80,
            "type": "ingress"
          },
          "private": "eyJzY2hlbWFfdmVyc2lvbiI6IjIifQ==",
          "dependencies": [
            "module.ec2_instance.aws_security_group.default",
            "module.vpc.aws_vpc.default"
          ]
        }
      ]
    },
    {
      "module": "module.subnets",
      "mode": "managed",
      "type": "aws_subnet",
      "name": "private",
      "provider": "provider[\"registry.terraform.io/hashicorp/aws\"]",
      "instances": [
        {
          "index_key": 0,
          "schema_version": 1,
          "attributes": {
            "arn": "arn:aws:ec2:us-west-1:338430314199:subnet/subnet-0b863fe0369ad221d",
            "assign_ipv6_address_on_creation": false,
            "availability_zone": "us-west-1b",
            "availability_zone_id": "usw1-az3",
            "cidr_block": "172.16.0.0/18",
            "id": "subnet-0b863fe0369ad221d",
            "ipv6_cidr_block": "",
            "ipv6_cidr_block_association_id": "",
            "map_public_ip_on_launch": false,
            "outpost_arn": "",
            "owner_id": "338430314199",
            "tags": {
              "Attributes": "private",
              "Name": "fairwinds-poc-kg4sre-private-us-west-1b",
              "Namespace": "fairwinds",
              "Stage": "poc",
              "cpco.io/subnet/type": "private"
            },
            "timeouts": null,
            "vpc_id": "vpc-0bc9a4da889a327e1"
          },
          "private": "eyJlMmJmYjczMC1lY2FhLTExZTYtOGY4OC0zNDM2M2JjN2M0YzAiOnsiY3JlYXRlIjo2MDAwMDAwMDAwMDAsImRlbGV0ZSI6MTIwMDAwMDAwMDAwMH0sInNjaGVtYV92ZXJzaW9uIjoiMSJ9",
          "dependencies": [
            "module.subnets.data.aws_availability_zones.available",
            "module.subnets.data.aws_vpc.default",
            "module.vpc.aws_vpc.default"
          ]
        },
        {
          "index_key": 1,
          "schema_version": 1,
          "attributes": {
            "arn": "arn:aws:ec2:us-west-1:338430314199:subnet/subnet-087173bcde9ca4094",
            "assign_ipv6_address_on_creation": false,
            "availability_zone": "us-west-1c",
            "availability_zone_id": "usw1-az1",
            "cidr_block": "172.16.64.0/18",
            "id": "subnet-087173bcde9ca4094",
            "ipv6_cidr_block": "",
            "ipv6_cidr_block_association_id": "",
            "map_public_ip_on_launch": false,
            "outpost_arn": "",
            "owner_id": "338430314199",
            "tags": {
              "Attributes": "private",
              "Name": "fairwinds-poc-kg4sre-private-us-west-1c",
              "Namespace": "fairwinds",
              "Stage": "poc",
              "cpco.io/subnet/type": "private"
            },
            "timeouts": null,
            "vpc_id": "vpc-0bc9a4da889a327e1"
          },
          "private": "eyJlMmJmYjczMC1lY2FhLTExZTYtOGY4OC0zNDM2M2JjN2M0YzAiOnsiY3JlYXRlIjo2MDAwMDAwMDAwMDAsImRlbGV0ZSI6MTIwMDAwMDAwMDAwMH0sInNjaGVtYV92ZXJzaW9uIjoiMSJ9",
          "dependencies": [
            "module.subnets.data.aws_availability_zones.available",
            "module.subnets.data.aws_vpc.default",
            "module.vpc.aws_vpc.default"
          ]
        }
      ]
    },
    {
      "module": "module.subnets",
      "mode": "managed",
      "type": "aws_subnet",
      "name": "public",
      "provider": "provider[\"registry.terraform.io/hashicorp/aws\"]",
      "instances": [
        {
          "index_key": 0,
          "schema_version": 1,
          "attributes": {
            "arn": "arn:aws:ec2:us-west-1:338430314199:subnet/subnet-06763570dc55b36bc",
            "assign_ipv6_address_on_creation": false,
            "availability_zone": "us-west-1b",
            "availability_zone_id": "usw1-az3",
            "cidr_block": "172.16.128.0/18",
            "id": "subnet-06763570dc55b36bc",
            "ipv6_cidr_block": "",
            "ipv6_cidr_block_association_id": "",
            "map_public_ip_on_launch": true,
            "outpost_arn": "",
            "owner_id": "338430314199",
            "tags": {
              "Attributes": "public",
              "Name": "fairwinds-poc-kg4sre-public-us-west-1b",
              "Namespace": "fairwinds",
              "Stage": "poc",
              "cpco.io/subnet/type": "public"
            },
            "timeouts": null,
            "vpc_id": "vpc-0bc9a4da889a327e1"
          },
          "private": "eyJlMmJmYjczMC1lY2FhLTExZTYtOGY4OC0zNDM2M2JjN2M0YzAiOnsiY3JlYXRlIjo2MDAwMDAwMDAwMDAsImRlbGV0ZSI6MTIwMDAwMDAwMDAwMH0sInNjaGVtYV92ZXJzaW9uIjoiMSJ9",
          "dependencies": [
            "module.subnets.data.aws_availability_zones.available",
            "module.subnets.data.aws_vpc.default",
            "module.vpc.aws_vpc.default"
          ]
        },
        {
          "index_key": 1,
          "schema_version": 1,
          "attributes": {
            "arn": "arn:aws:ec2:us-west-1:338430314199:subnet/subnet-0de22a475c9683185",
            "assign_ipv6_address_on_creation": false,
            "availability_zone": "us-west-1c",
            "availability_zone_id": "usw1-az1",
            "cidr_block": "172.16.192.0/18",
            "id": "subnet-0de22a475c9683185",
            "ipv6_cidr_block": "",
            "ipv6_cidr_block_association_id": "",
            "map_public_ip_on_launch": true,
            "outpost_arn": "",
            "owner_id": "338430314199",
            "tags": {
              "Attributes": "public",
              "Name": "fairwinds-poc-kg4sre-public-us-west-1c",
              "Namespace": "fairwinds",
              "Stage": "poc",
              "cpco.io/subnet/type": "public"
            },
            "timeouts": null,
            "vpc_id": "vpc-0bc9a4da889a327e1"
          },
          "private": "eyJlMmJmYjczMC1lY2FhLTExZTYtOGY4OC0zNDM2M2JjN2M0YzAiOnsiY3JlYXRlIjo2MDAwMDAwMDAwMDAsImRlbGV0ZSI6MTIwMDAwMDAwMDAwMH0sInNjaGVtYV92ZXJzaW9uIjoiMSJ9",
          "dependencies": [
            "module.subnets.data.aws_availability_zones.available",
            "module.subnets.data.aws_vpc.default",
            "module.vpc.aws_vpc.default"
          ]
        }
      ]
    },
    {
      "module": "module.vpc",
      "mode": "managed",
      "type": "aws_vpc",
      "name": "default",
      "provider": "provider[\"registry.terraform.io/hashicorp/aws\"]",
      "instances": [
        {
          "index_key": 0,
          "schema_version": 1,
          "attributes": {
            "arn": "arn:aws:ec2:us-west-1:338430314199:vpc/vpc-0bc9a4da889a327e1",
            "assign_generated_ipv6_cidr_block": true,
            "cidr_block": "172.16.0.0/16",
            "default_network_acl_id": "acl-06c54a5d33f46edd1",
            "default_route_table_id": "rtb-0d58285bb577343bf",
            "default_security_group_id": "sg-0b600a3767cbcac83",
            "dhcp_options_id": "dopt-bcc25ad9",
            "enable_classiclink": false,
            "enable_classiclink_dns_support": false,
            "enable_dns_hostnames": true,
            "enable_dns_support": true,
            "id": "vpc-0bc9a4da889a327e1",
            "instance_tenancy": "default",
            "ipv6_association_id": "vpc-cidr-assoc-02b39e18e9cf414fa",
            "ipv6_cidr_block": "2600:1f1c:265:2600::/56",
            "main_route_table_id": "rtb-0d58285bb577343bf",
            "owner_id": "338430314199",
            "tags": {
              "Name": "fairwinds-poc-kg4sre",
              "Namespace": "fairwinds",
              "Stage": "poc"
            }
          },
          "private": "eyJzY2hlbWFfdmVyc2lvbiI6IjEifQ==",
          "create_before_destroy": true
        }
      ]
    },
    {
      "module": "module.aws_key_pair",
      "mode": "managed",
      "type": "local_file",
      "name": "private_key_pem",
      "provider": "provider[\"registry.terraform.io/hashicorp/local\"]",
      "instances": [
        {
          "index_key": 0,
          "schema_version": 0,
          "attributes": {
            "content": null,
            "content_base64": null,
            "directory_permission": "0777",
            "file_permission": "0600",
            "filename": "./secrets/fairwinds-poc-kg4sre",
            "id": "bbe5074609f3cc5a6806b0141ed6fcf64bc3ae6c",
            "sensitive_content": "-----BEGIN RSA PRIVATE KEY-----\nMIIEogIBAAKCAQEAzCeGPYdiHdo9viCeH8cu0hktNg6xhnD6gsCkeyqVXLPrKtYu\nwKlvEXKV6dc8cWkF4gMIu0v4xD3Qx0Lmb0io0AseUMWk2OrcfwKXc8/CHIJgPa/y\njA78qNoKYACnz71OhquWh0R9c3dKxLXQqHLDF1F08fJZtarwNWXYa22jAZ/14r1P\n2ZNRkXKsbpGsecPdnevS5gs7Rr34h5/P7bZNSQpB53uitmzrbZnA8kYaZio5sk10\nXZAeqIVaM8a2rSriPCga2T4ltlBQsNB9c8n58V0p/rARHnv7xIFWD+aVJdiMK2Aj\nk5M8HmAhl65pcM8P+yYwKTenvtqu2CTiwYZ3BQIDAQABAoIBAEHr+VLg5nPRRuKf\n0a9dN+crrgeokvZggOO7pOEIjRZUGnnIk2wuyeiOYY4SrDfKu9WROT6Rd5CWjVXq\nalJA2hHjpTRbvbE1lWGFyrXgvkNKbh09NUq4hClZzsPVMlrIPBUMTxz6pq+kM4Z1\nVx0tgYWEDgkaQpGA0vPLISj/TAV3twqd3wcFTL24b0Y7vzFSCG+yuvrICt6EHtzP\nsqIgTwRa82ap98GqsTLSbwl6zZglN3QjFabUwUhVRm+Rxa5YsElgQPwqjbxayAjL\no1cgZSBU67vwwexAvnSPlA5vuzulW9tKDNrp38XnsxXyi66Ls3LdI301mVwoSgL+\njPm0LEECgYEA/j2XP1gXCfdeocsrtyJC0HESQs7jVWZ/OaUunvByXY6aIEtnIy3E\nt/4RbbX/St576J27SaJY8MXY/oGYvefpfyceiecOvir73Ap6Z0evwWw/pXkvu7el\n7etrl0bHs/NWwLpLHNtiVsY7tz9LZkih1kqeNZPFCeh5lgVJAo1z/i0CgYEAzZEz\nl+kbEeDO6AhGtM18JJk566v8pItoam9kNKtCbCz/m0NqYgVr8lWsWif0j6t0WhzW\nwqX+Abe4vILs8k8olIjZV7J8tNu4qe5FGb5om3dGjOgQHz4b6y+ad8A+btzNuPMO\nGtyYOLJFvkFh52SSuHX/fpVvPyTSTNNuyLUouzkCgYAP58KCj/xA/1zIOnGtr1MG\nv0wpKdBHE3Z6IL9d6iT9fWJfCtiU9tQLvrVQa8Zg5LJTxypkXOe7iGUe5vSrTMrq\nzYO3lODzPLUs+urVc0KnkyIYNBCsabzTuZqtiBwOQfb3b7ArSf5I93Xc7PTGnVyi\nj2B+cZQuHoEcxY/fvQG4sQKBgD10EwBu53DIzBIBp2GVrG8kf3Q8ziJCqsxm0IYO\nTKUaLq+zz7HN/R9NDWFGYI4yq23lAS7fgLfyvH9ehIdLss30u0TETxOiO+pRGMdB\nbPRNDAJDvc4ZOy9r47m49vEdgUKxJp5RJBCO+tqNoT8TiekrHV4yPjeaQmRFMPE/\ndxXBAoGAHfVcf0q1isIF8ZIMJDzY54qCCyiwhdZZBcfI9wCyGj3h2CgljEMI9a50\nLQdrQIAQFvBGR43niQ7CY1eYZtuAbuzq7bdH7PK5ijZBXuUo0ikMlKF+IZ4u+Er1\nUvHBOLGXTVP0cEjZzp00CfUWZK3JL1Yt+qDr3La+8xjp1g9n5ME=\n-----END RSA PRIVATE KEY-----\n"
          },
          "private": "bnVsbA==",
          "dependencies": [
            "module.aws_key_pair.tls_private_key.default"
          ]
        }
      ]
    },
    {
      "module": "module.aws_key_pair",
      "mode": "managed",
      "type": "local_file",
      "name": "public_key_openssh",
      "provider": "provider[\"registry.terraform.io/hashicorp/local\"]",
      "instances": [
        {
          "index_key": 0,
          "schema_version": 0,
          "attributes": {
            "content": "ssh-rsa AAAAB3NzaC1yc2EAAAADAQABAAABAQDMJ4Y9h2Id2j2+IJ4fxy7SGS02DrGGcPqCwKR7KpVcs+sq1i7AqW8RcpXp1zxxaQXiAwi7S/jEPdDHQuZvSKjQCx5QxaTY6tx/Apdzz8IcgmA9r/KMDvyo2gpgAKfPvU6Gq5aHRH1zd0rEtdCocsMXUXTx8lm1qvA1ZdhrbaMBn/XivU/Zk1GRcqxukax5w92d69LmCztGvfiHn8/ttk1JCkHne6K2bOttmcDyRhpmKjmyTXRdkB6ohVozxratKuI8KBrZPiW2UFCw0H1zyfnxXSn+sBEee/vEgVYP5pUl2IwrYCOTkzweYCGXrmlwzw/7JjApN6e+2q7YJOLBhncF\n",
            "content_base64": null,
            "directory_permission": "0777",
            "file_permission": "0777",
            "filename": "./secrets/fairwinds-poc-kg4sre.pub",
            "id": "50dd2a5d1ab9a7440dc9e3a510b9ac83bc55f7a2",
            "sensitive_content": null
          },
          "private": "bnVsbA==",
          "dependencies": [
            "module.aws_key_pair.tls_private_key.default"
          ]
        }
      ]
    },
    {
      "module": "module.aws_key_pair",
      "mode": "managed",
      "type": "tls_private_key",
      "name": "default",
      "provider": "provider[\"registry.terraform.io/hashicorp/tls\"]",
      "instances": [
        {
          "index_key": 0,
          "schema_version": 0,
          "attributes": {
            "algorithm": "RSA",
            "ecdsa_curve": "P224",
            "id": "f2ff69902bd1744d8371bba1120694f8d8f7b2ac",
            "private_key_pem": "-----BEGIN RSA PRIVATE KEY-----\nMIIEogIBAAKCAQEAzCeGPYdiHdo9viCeH8cu0hktNg6xhnD6gsCkeyqVXLPrKtYu\nwKlvEXKV6dc8cWkF4gMIu0v4xD3Qx0Lmb0io0AseUMWk2OrcfwKXc8/CHIJgPa/y\njA78qNoKYACnz71OhquWh0R9c3dKxLXQqHLDF1F08fJZtarwNWXYa22jAZ/14r1P\n2ZNRkXKsbpGsecPdnevS5gs7Rr34h5/P7bZNSQpB53uitmzrbZnA8kYaZio5sk10\nXZAeqIVaM8a2rSriPCga2T4ltlBQsNB9c8n58V0p/rARHnv7xIFWD+aVJdiMK2Aj\nk5M8HmAhl65pcM8P+yYwKTenvtqu2CTiwYZ3BQIDAQABAoIBAEHr+VLg5nPRRuKf\n0a9dN+crrgeokvZggOO7pOEIjRZUGnnIk2wuyeiOYY4SrDfKu9WROT6Rd5CWjVXq\nalJA2hHjpTRbvbE1lWGFyrXgvkNKbh09NUq4hClZzsPVMlrIPBUMTxz6pq+kM4Z1\nVx0tgYWEDgkaQpGA0vPLISj/TAV3twqd3wcFTL24b0Y7vzFSCG+yuvrICt6EHtzP\nsqIgTwRa82ap98GqsTLSbwl6zZglN3QjFabUwUhVRm+Rxa5YsElgQPwqjbxayAjL\no1cgZSBU67vwwexAvnSPlA5vuzulW9tKDNrp38XnsxXyi66Ls3LdI301mVwoSgL+\njPm0LEECgYEA/j2XP1gXCfdeocsrtyJC0HESQs7jVWZ/OaUunvByXY6aIEtnIy3E\nt/4RbbX/St576J27SaJY8MXY/oGYvefpfyceiecOvir73Ap6Z0evwWw/pXkvu7el\n7etrl0bHs/NWwLpLHNtiVsY7tz9LZkih1kqeNZPFCeh5lgVJAo1z/i0CgYEAzZEz\nl+kbEeDO6AhGtM18JJk566v8pItoam9kNKtCbCz/m0NqYgVr8lWsWif0j6t0WhzW\nwqX+Abe4vILs8k8olIjZV7J8tNu4qe5FGb5om3dGjOgQHz4b6y+ad8A+btzNuPMO\nGtyYOLJFvkFh52SSuHX/fpVvPyTSTNNuyLUouzkCgYAP58KCj/xA/1zIOnGtr1MG\nv0wpKdBHE3Z6IL9d6iT9fWJfCtiU9tQLvrVQa8Zg5LJTxypkXOe7iGUe5vSrTMrq\nzYO3lODzPLUs+urVc0KnkyIYNBCsabzTuZqtiBwOQfb3b7ArSf5I93Xc7PTGnVyi\nj2B+cZQuHoEcxY/fvQG4sQKBgD10EwBu53DIzBIBp2GVrG8kf3Q8ziJCqsxm0IYO\nTKUaLq+zz7HN/R9NDWFGYI4yq23lAS7fgLfyvH9ehIdLss30u0TETxOiO+pRGMdB\nbPRNDAJDvc4ZOy9r47m49vEdgUKxJp5RJBCO+tqNoT8TiekrHV4yPjeaQmRFMPE/\ndxXBAoGAHfVcf0q1isIF8ZIMJDzY54qCCyiwhdZZBcfI9wCyGj3h2CgljEMI9a50\nLQdrQIAQFvBGR43niQ7CY1eYZtuAbuzq7bdH7PK5ijZBXuUo0ikMlKF+IZ4u+Er1\nUvHBOLGXTVP0cEjZzp00CfUWZK3JL1Yt+qDr3La+8xjp1g9n5ME=\n-----END RSA PRIVATE KEY-----\n",
            "public_key_fingerprint_md5": "c6:17:58:3c:63:25:73:3b:ff:bd:e4:99:62:a1:d2:d6",
            "public_key_openssh": "ssh-rsa AAAAB3NzaC1yc2EAAAADAQABAAABAQDMJ4Y9h2Id2j2+IJ4fxy7SGS02DrGGcPqCwKR7KpVcs+sq1i7AqW8RcpXp1zxxaQXiAwi7S/jEPdDHQuZvSKjQCx5QxaTY6tx/Apdzz8IcgmA9r/KMDvyo2gpgAKfPvU6Gq5aHRH1zd0rEtdCocsMXUXTx8lm1qvA1ZdhrbaMBn/XivU/Zk1GRcqxukax5w92d69LmCztGvfiHn8/ttk1JCkHne6K2bOttmcDyRhpmKjmyTXRdkB6ohVozxratKuI8KBrZPiW2UFCw0H1zyfnxXSn+sBEee/vEgVYP5pUl2IwrYCOTkzweYCGXrmlwzw/7JjApN6e+2q7YJOLBhncF\n",
            "public_key_pem": "-----BEGIN PUBLIC KEY-----\nMIIBIjANBgkqhkiG9w0BAQEFAAOCAQ8AMIIBCgKCAQEAzCeGPYdiHdo9viCeH8cu\n0hktNg6xhnD6gsCkeyqVXLPrKtYuwKlvEXKV6dc8cWkF4gMIu0v4xD3Qx0Lmb0io\n0AseUMWk2OrcfwKXc8/CHIJgPa/yjA78qNoKYACnz71OhquWh0R9c3dKxLXQqHLD\nF1F08fJZtarwNWXYa22jAZ/14r1P2ZNRkXKsbpGsecPdnevS5gs7Rr34h5/P7bZN\nSQpB53uitmzrbZnA8kYaZio5sk10XZAeqIVaM8a2rSriPCga2T4ltlBQsNB9c8n5\n8V0p/rARHnv7xIFWD+aVJdiMK2Ajk5M8HmAhl65pcM8P+yYwKTenvtqu2CTiwYZ3\nBQIDAQAB\n-----END PUBLIC KEY-----\n",
            "rsa_bits": 2048
          },
          "private": "bnVsbA=="
        }
      ]
    }
  ]
}
